// !$*UTF8*$!
{
	archiveVersion = 1;
	classes = {
	};
	objectVersion = 46;
	objects = {

/* Begin PBXBuildFile section */
		0109D85E21679F5E0088D525 /* CDVClose.h in Headers */ = {isa = PBXBuildFile; fileRef = 0109D85C21679F5D0088D525 /* CDVClose.h */; };
		0109D85F21679F5E0088D525 /* CDVClose.m in Sources */ = {isa = PBXBuildFile; fileRef = 0109D85D21679F5D0088D525 /* CDVClose.m */; };
		01104E40215A511C00BDC867 /* CDVCameraCapture.h in Headers */ = {isa = PBXBuildFile; fileRef = 01104E3E215A511C00BDC867 /* CDVCameraCapture.h */; };
		01104E41215A511C00BDC867 /* CDVCameraCapture.m in Sources */ = {isa = PBXBuildFile; fileRef = 01104E3F215A511C00BDC867 /* CDVCameraCapture.m */; };
		01104E44215A55B700BDC867 /* AVFoundation.framework in Frameworks */ = {isa = PBXBuildFile; fileRef = 01104E43215A55B700BDC867 /* AVFoundation.framework */; };
		018ED857216CE374000197F7 /* Protobuf.framework in Frameworks */ = {isa = PBXBuildFile; fileRef = 018ED840216CE374000197F7 /* Protobuf.framework */; };
		018ED858216CE374000197F7 /* Fabric.framework in Frameworks */ = {isa = PBXBuildFile; fileRef = 018ED841216CE374000197F7 /* Fabric.framework */; };
		018ED859216CE374000197F7 /* Crashlytics.framework in Frameworks */ = {isa = PBXBuildFile; fileRef = 018ED842216CE374000197F7 /* Crashlytics.framework */; };
		018ED85A216CE374000197F7 /* GoogleAppMeasurement.framework in Frameworks */ = {isa = PBXBuildFile; fileRef = 018ED843216CE374000197F7 /* GoogleAppMeasurement.framework */; };
		018ED85B216CE374000197F7 /* AppDelegate+FirebasePlugin.m in Sources */ = {isa = PBXBuildFile; fileRef = 018ED844216CE374000197F7 /* AppDelegate+FirebasePlugin.m */; };
		018ED85C216CE374000197F7 /* GTMSessionFetcher.framework in Frameworks */ = {isa = PBXBuildFile; fileRef = 018ED845216CE374000197F7 /* GTMSessionFetcher.framework */; };
		018ED85D216CE374000197F7 /* MeasurementNanoPB.framework in Frameworks */ = {isa = PBXBuildFile; fileRef = 018ED846216CE374000197F7 /* MeasurementNanoPB.framework */; };
		018ED85E216CE374000197F7 /* FirebaseCore.framework in Frameworks */ = {isa = PBXBuildFile; fileRef = 018ED847216CE374000197F7 /* FirebaseCore.framework */; };
		018ED85F216CE374000197F7 /* FirebaseRemoteConfig.framework in Frameworks */ = {isa = PBXBuildFile; fileRef = 018ED848216CE374000197F7 /* FirebaseRemoteConfig.framework */; };
		018ED860216CE374000197F7 /* FirebaseAnalytics.framework in Frameworks */ = {isa = PBXBuildFile; fileRef = 018ED849216CE374000197F7 /* FirebaseAnalytics.framework */; };
		018ED861216CE374000197F7 /* Firebase.h in Headers */ = {isa = PBXBuildFile; fileRef = 018ED84A216CE374000197F7 /* Firebase.h */; };
		018ED862216CE374000197F7 /* GoogleUtilities.framework in Frameworks */ = {isa = PBXBuildFile; fileRef = 018ED84B216CE374000197F7 /* GoogleUtilities.framework */; };
		018ED863216CE374000197F7 /* FirebaseAuth.framework in Frameworks */ = {isa = PBXBuildFile; fileRef = 018ED84C216CE374000197F7 /* FirebaseAuth.framework */; };
		018ED864216CE374000197F7 /* FirebaseMessaging.framework in Frameworks */ = {isa = PBXBuildFile; fileRef = 018ED84D216CE374000197F7 /* FirebaseMessaging.framework */; };
		018ED865216CE374000197F7 /* FirebasePlugin.h in Headers */ = {isa = PBXBuildFile; fileRef = 018ED84E216CE374000197F7 /* FirebasePlugin.h */; };
		018ED866216CE374000197F7 /* GoogleToolboxForMac.framework in Frameworks */ = {isa = PBXBuildFile; fileRef = 018ED84F216CE374000197F7 /* GoogleToolboxForMac.framework */; };
		018ED867216CE374000197F7 /* nanopb.framework in Frameworks */ = {isa = PBXBuildFile; fileRef = 018ED850216CE374000197F7 /* nanopb.framework */; };
		018ED868216CE374000197F7 /* AppDelegate+FirebasePlugin.h in Headers */ = {isa = PBXBuildFile; fileRef = 018ED851216CE374000197F7 /* AppDelegate+FirebasePlugin.h */; };
		018ED869216CE374000197F7 /* FirebasePerformance.framework in Frameworks */ = {isa = PBXBuildFile; fileRef = 018ED852216CE374000197F7 /* FirebasePerformance.framework */; };
		018ED86A216CE374000197F7 /* FirebaseABTesting.framework in Frameworks */ = {isa = PBXBuildFile; fileRef = 018ED853216CE374000197F7 /* FirebaseABTesting.framework */; };
		018ED86B216CE374000197F7 /* FirebasePlugin.m in Sources */ = {isa = PBXBuildFile; fileRef = 018ED854216CE374000197F7 /* FirebasePlugin.m */; };
		018ED86C216CE374000197F7 /* FirebaseInstanceID.framework in Frameworks */ = {isa = PBXBuildFile; fileRef = 018ED855216CE374000197F7 /* FirebaseInstanceID.framework */; };
		018ED86D216CE374000197F7 /* FirebaseCoreDiagnostics.framework in Frameworks */ = {isa = PBXBuildFile; fileRef = 018ED856216CE374000197F7 /* FirebaseCoreDiagnostics.framework */; };
		018ED86F216CE8F9000197F7 /* FirebaseCore.framework in Frameworks */ = {isa = PBXBuildFile; fileRef = 018ED847216CE374000197F7 /* FirebaseCore.framework */; };
		018ED870216CE8F9000197F7 /* FirebaseMessaging.framework in Frameworks */ = {isa = PBXBuildFile; fileRef = 018ED84D216CE374000197F7 /* FirebaseMessaging.framework */; };
		018ED871216CE922000197F7 /* Crashlytics.framework in Frameworks */ = {isa = PBXBuildFile; fileRef = 018ED842216CE374000197F7 /* Crashlytics.framework */; };
		018ED872216CE922000197F7 /* Fabric.framework in Frameworks */ = {isa = PBXBuildFile; fileRef = 018ED841216CE374000197F7 /* Fabric.framework */; };
		018ED873216CE94E000197F7 /* FirebaseABTesting.framework in Frameworks */ = {isa = PBXBuildFile; fileRef = 018ED853216CE374000197F7 /* FirebaseABTesting.framework */; };
		018ED874216CE94E000197F7 /* FirebaseAnalytics.framework in Frameworks */ = {isa = PBXBuildFile; fileRef = 018ED849216CE374000197F7 /* FirebaseAnalytics.framework */; };
		018ED875216CE94E000197F7 /* FirebaseAuth.framework in Frameworks */ = {isa = PBXBuildFile; fileRef = 018ED84C216CE374000197F7 /* FirebaseAuth.framework */; };
		018ED876216CE94E000197F7 /* FirebaseCoreDiagnostics.framework in Frameworks */ = {isa = PBXBuildFile; fileRef = 018ED856216CE374000197F7 /* FirebaseCoreDiagnostics.framework */; };
		018ED877216CE94E000197F7 /* FirebaseInstanceID.framework in Frameworks */ = {isa = PBXBuildFile; fileRef = 018ED855216CE374000197F7 /* FirebaseInstanceID.framework */; };
		018ED878216CE94E000197F7 /* FirebasePerformance.framework in Frameworks */ = {isa = PBXBuildFile; fileRef = 018ED852216CE374000197F7 /* FirebasePerformance.framework */; };
		018ED879216CE94E000197F7 /* FirebaseRemoteConfig.framework in Frameworks */ = {isa = PBXBuildFile; fileRef = 018ED848216CE374000197F7 /* FirebaseRemoteConfig.framework */; };
		018ED87A216CE94E000197F7 /* GoogleAppMeasurement.framework in Frameworks */ = {isa = PBXBuildFile; fileRef = 018ED843216CE374000197F7 /* GoogleAppMeasurement.framework */; };
		018ED87B216CE94E000197F7 /* GoogleToolboxForMac.framework in Frameworks */ = {isa = PBXBuildFile; fileRef = 018ED84F216CE374000197F7 /* GoogleToolboxForMac.framework */; };
		018ED87C216CE94E000197F7 /* GoogleUtilities.framework in Frameworks */ = {isa = PBXBuildFile; fileRef = 018ED84B216CE374000197F7 /* GoogleUtilities.framework */; };
		018ED87D216CE94E000197F7 /* GTMSessionFetcher.framework in Frameworks */ = {isa = PBXBuildFile; fileRef = 018ED845216CE374000197F7 /* GTMSessionFetcher.framework */; };
		018ED87E216CE94E000197F7 /* MeasurementNanoPB.framework in Frameworks */ = {isa = PBXBuildFile; fileRef = 018ED846216CE374000197F7 /* MeasurementNanoPB.framework */; };
		018ED87F216CE94E000197F7 /* nanopb.framework in Frameworks */ = {isa = PBXBuildFile; fileRef = 018ED850216CE374000197F7 /* nanopb.framework */; };
		018ED880216CE94E000197F7 /* Protobuf.framework in Frameworks */ = {isa = PBXBuildFile; fileRef = 018ED840216CE374000197F7 /* Protobuf.framework */; };
		01C2C9BA21DB8B9700AE96B2 /* CameraSessionManager.m in Sources */ = {isa = PBXBuildFile; fileRef = 01C2C9B221DB8B9700AE96B2 /* CameraSessionManager.m */; };
		01C2C9BB21DB8B9700AE96B2 /* CameraRenderController.m in Sources */ = {isa = PBXBuildFile; fileRef = 01C2C9B321DB8B9700AE96B2 /* CameraRenderController.m */; };
		01C2C9BC21DB8B9700AE96B2 /* TemperatureAndTint.m in Sources */ = {isa = PBXBuildFile; fileRef = 01C2C9B421DB8B9700AE96B2 /* TemperatureAndTint.m */; };
		01C2C9BD21DB8B9700AE96B2 /* CameraPreview.h in Headers */ = {isa = PBXBuildFile; fileRef = 01C2C9B521DB8B9700AE96B2 /* CameraPreview.h */; };
		01C2C9BE21DB8B9700AE96B2 /* CameraSessionManager.h in Headers */ = {isa = PBXBuildFile; fileRef = 01C2C9B621DB8B9700AE96B2 /* CameraSessionManager.h */; };
		01C2C9BF21DB8B9700AE96B2 /* TemperatureAndTint.h in Headers */ = {isa = PBXBuildFile; fileRef = 01C2C9B721DB8B9700AE96B2 /* TemperatureAndTint.h */; };
		01C2C9C021DB8B9700AE96B2 /* CameraRenderController.h in Headers */ = {isa = PBXBuildFile; fileRef = 01C2C9B821DB8B9700AE96B2 /* CameraRenderController.h */; };
		01C2C9C121DB8B9700AE96B2 /* CameraPreview.m in Sources */ = {isa = PBXBuildFile; fileRef = 01C2C9B921DB8B9700AE96B2 /* CameraPreview.m */; };
		01E9799E1FB45156002282F8 /* config.xml in Resources */ = {isa = PBXBuildFile; fileRef = 01E9799D1FB45156002282F8 /* config.xml */; };
		01E97A1A1FB46060002282F8 /* www in Resources */ = {isa = PBXBuildFile; fileRef = 01E97A191FB46060002282F8 /* www */; };
		01E97A531FB46B10002282F8 /* CDVVibration.h in Headers */ = {isa = PBXBuildFile; fileRef = 01E97A381FB46B0F002282F8 /* CDVVibration.h */; };
		01E97A541FB46B10002282F8 /* CDVVibration.m in Sources */ = {isa = PBXBuildFile; fileRef = 01E97A391FB46B0F002282F8 /* CDVVibration.m */; };
		01E97A551FB46B10002282F8 /* AudioReceiver.h in Headers */ = {isa = PBXBuildFile; fileRef = 01E97A3B1FB46B0F002282F8 /* AudioReceiver.h */; };
		01E97A561FB46B10002282F8 /* AudioReceiver.m in Sources */ = {isa = PBXBuildFile; fileRef = 01E97A3C1FB46B0F002282F8 /* AudioReceiver.m */; };
		01E97A571FB46B10002282F8 /* CDVAudioInputCapture.m in Sources */ = {isa = PBXBuildFile; fileRef = 01E97A3D1FB46B0F002282F8 /* CDVAudioInputCapture.m */; };
		01E97A581FB46B10002282F8 /* Flashlight.h in Headers */ = {isa = PBXBuildFile; fileRef = 01E97A3F1FB46B0F002282F8 /* Flashlight.h */; };
		01E97A591FB46B10002282F8 /* Flashlight.m in Sources */ = {isa = PBXBuildFile; fileRef = 01E97A401FB46B0F002282F8 /* Flashlight.m */; };
		01E97A5A1FB46B10002282F8 /* CDVInAppBrowser.h in Headers */ = {isa = PBXBuildFile; fileRef = 01E97A421FB46B0F002282F8 /* CDVInAppBrowser.h */; };
		01E97A5B1FB46B10002282F8 /* CDVInAppBrowser.m in Sources */ = {isa = PBXBuildFile; fileRef = 01E97A431FB46B0F002282F8 /* CDVInAppBrowser.m */; };
		01E97A5C1FB46B10002282F8 /* Insomnia.h in Headers */ = {isa = PBXBuildFile; fileRef = 01E97A451FB46B10002282F8 /* Insomnia.h */; };
		01E97A5D1FB46B10002282F8 /* Insomnia.m in Sources */ = {isa = PBXBuildFile; fileRef = 01E97A461FB46B10002282F8 /* Insomnia.m */; };
		01E97A5E1FB46B10002282F8 /* CDVNotification.h in Headers */ = {isa = PBXBuildFile; fileRef = 01E97A481FB46B10002282F8 /* CDVNotification.h */; };
		01E97A5F1FB46B10002282F8 /* CDVNotification.m in Sources */ = {isa = PBXBuildFile; fileRef = 01E97A491FB46B10002282F8 /* CDVNotification.m */; };
		01E97A601FB46B10002282F8 /* CDVRemoteInjection.h in Headers */ = {isa = PBXBuildFile; fileRef = 01E97A4B1FB46B10002282F8 /* CDVRemoteInjection.h */; };
		01E97A611FB46B10002282F8 /* CDVRemoteInjection.m in Sources */ = {isa = PBXBuildFile; fileRef = 01E97A4C1FB46B10002282F8 /* CDVRemoteInjection.m */; };
		01E97A621FB46B10002282F8 /* CDVRemoteInjectionUIWebViewDelegate.h in Headers */ = {isa = PBXBuildFile; fileRef = 01E97A4D1FB46B10002282F8 /* CDVRemoteInjectionUIWebViewDelegate.h */; };
		01E97A631FB46B10002282F8 /* CDVRemoteInjectionUIWebViewDelegate.m in Sources */ = {isa = PBXBuildFile; fileRef = 01E97A4E1FB46B10002282F8 /* CDVRemoteInjectionUIWebViewDelegate.m */; };
		01E97A641FB46B10002282F8 /* CDVRemoteInjectionWebViewBaseDelegate.h in Headers */ = {isa = PBXBuildFile; fileRef = 01E97A4F1FB46B10002282F8 /* CDVRemoteInjectionWebViewBaseDelegate.h */; };
		01E97A651FB46B10002282F8 /* CDVRemoteInjectionWebViewBaseDelegate.m in Sources */ = {isa = PBXBuildFile; fileRef = 01E97A501FB46B10002282F8 /* CDVRemoteInjectionWebViewBaseDelegate.m */; };
		01E97A661FB46B10002282F8 /* CDVRemoteInjectionWKWebViewDelegate.h in Headers */ = {isa = PBXBuildFile; fileRef = 01E97A511FB46B10002282F8 /* CDVRemoteInjectionWKWebViewDelegate.h */; };
		01E97A671FB46B10002282F8 /* CDVRemoteInjectionWKWebViewDelegate.m in Sources */ = {isa = PBXBuildFile; fileRef = 01E97A521FB46B10002282F8 /* CDVRemoteInjectionWKWebViewDelegate.m */; };
		01F1D70A2126E8A700133DE1 /* CDVLocalFilesystem.h in Headers */ = {isa = PBXBuildFile; fileRef = 01F1D7042126E8A700133DE1 /* CDVLocalFilesystem.h */; };
		01F1D70B2126E8A700133DE1 /* CDVLocalFilesystem.m in Sources */ = {isa = PBXBuildFile; fileRef = 01F1D7052126E8A700133DE1 /* CDVLocalFilesystem.m */; };
		01F1D70C2126E8A700133DE1 /* CDVFile.m in Sources */ = {isa = PBXBuildFile; fileRef = 01F1D7062126E8A700133DE1 /* CDVFile.m */; };
		01F1D70D2126E8A700133DE1 /* CDVAssetLibraryFilesystem.m in Sources */ = {isa = PBXBuildFile; fileRef = 01F1D7072126E8A700133DE1 /* CDVAssetLibraryFilesystem.m */; };
		01F1D70E2126E8A700133DE1 /* CDVFile.h in Headers */ = {isa = PBXBuildFile; fileRef = 01F1D7082126E8A700133DE1 /* CDVFile.h */; };
		01F1D70F2126E8A700133DE1 /* CDVAssetLibraryFilesystem.h in Headers */ = {isa = PBXBuildFile; fileRef = 01F1D7092126E8A700133DE1 /* CDVAssetLibraryFilesystem.h */; };
		01F1D7132126E99E00133DE1 /* CDVCapture.h in Headers */ = {isa = PBXBuildFile; fileRef = 01F1D7112126E99E00133DE1 /* CDVCapture.h */; };
		01F1D7142126E99E00133DE1 /* CDVCapture.m in Sources */ = {isa = PBXBuildFile; fileRef = 01F1D7122126E99E00133DE1 /* CDVCapture.m */; };
		01F1D71A2126E9DD00133DE1 /* NSString+SSURLEncoding.m in Sources */ = {isa = PBXBuildFile; fileRef = 01F1D7162126E9DD00133DE1 /* NSString+SSURLEncoding.m */; };
		01F1D71B2126E9DD00133DE1 /* NSString+SSURLEncoding.h in Headers */ = {isa = PBXBuildFile; fileRef = 01F1D7172126E9DD00133DE1 /* NSString+SSURLEncoding.h */; };
		01F1D71C2126E9DD00133DE1 /* SocialSharing.h in Headers */ = {isa = PBXBuildFile; fileRef = 01F1D7182126E9DD00133DE1 /* SocialSharing.h */; };
		01F1D71D2126E9DD00133DE1 /* SocialSharing.m in Sources */ = {isa = PBXBuildFile; fileRef = 01F1D7192126E9DD00133DE1 /* SocialSharing.m */; };
		01FE05152189FD2700CBFE12 /* CDVLocation.h in Headers */ = {isa = PBXBuildFile; fileRef = 01FE05132189FD2700CBFE12 /* CDVLocation.h */; };
		01FE05162189FD2700CBFE12 /* CDVLocation.m in Sources */ = {isa = PBXBuildFile; fileRef = 01FE05142189FD2700CBFE12 /* CDVLocation.m */; };
		28BFF9141F355A4E00DDF01A /* CDVLogger.h in Headers */ = {isa = PBXBuildFile; fileRef = 28BFF9121F355A4E00DDF01A /* CDVLogger.h */; };
		28BFF9151F355A4E00DDF01A /* CDVLogger.m in Sources */ = {isa = PBXBuildFile; fileRef = 28BFF9131F355A4E00DDF01A /* CDVLogger.m */; };
		30193A501AE6350A0069A75F /* CDVUIWebViewNavigationDelegate.m in Sources */ = {isa = PBXBuildFile; fileRef = 30193A4E1AE6350A0069A75F /* CDVUIWebViewNavigationDelegate.m */; };
		30193A511AE6350A0069A75F /* CDVUIWebViewNavigationDelegate.h in Headers */ = {isa = PBXBuildFile; fileRef = 30193A4F1AE6350A0069A75F /* CDVUIWebViewNavigationDelegate.h */; };
		3093E2231B16D6A3003F381A /* CDVIntentAndNavigationFilter.h in Headers */ = {isa = PBXBuildFile; fileRef = 3093E2211B16D6A3003F381A /* CDVIntentAndNavigationFilter.h */; };
		3093E2241B16D6A3003F381A /* CDVIntentAndNavigationFilter.m in Sources */ = {isa = PBXBuildFile; fileRef = 3093E2221B16D6A3003F381A /* CDVIntentAndNavigationFilter.m */; };
		7E7F69B61ABA35D8007546F4 /* CDVLocalStorage.h in Headers */ = {isa = PBXBuildFile; fileRef = 7ED95CFB1AB9028C008C4574 /* CDVLocalStorage.h */; };
		7E7F69B81ABA368F007546F4 /* CDVUIWebViewEngine.h in Headers */ = {isa = PBXBuildFile; fileRef = 7ED95D001AB9028C008C4574 /* CDVUIWebViewEngine.h */; };
		7E7F69B91ABA3692007546F4 /* CDVHandleOpenURL.h in Headers */ = {isa = PBXBuildFile; fileRef = 7ED95CF81AB9028C008C4574 /* CDVHandleOpenURL.h */; };
		7ED95D021AB9028C008C4574 /* CDVDebug.h in Headers */ = {isa = PBXBuildFile; fileRef = 7ED95CF21AB9028C008C4574 /* CDVDebug.h */; };
		7ED95D031AB9028C008C4574 /* CDVJSON_private.h in Headers */ = {isa = PBXBuildFile; fileRef = 7ED95CF31AB9028C008C4574 /* CDVJSON_private.h */; };
		7ED95D041AB9028C008C4574 /* CDVJSON_private.m in Sources */ = {isa = PBXBuildFile; fileRef = 7ED95CF41AB9028C008C4574 /* CDVJSON_private.m */; };
		7ED95D051AB9028C008C4574 /* CDVPlugin+Private.h in Headers */ = {isa = PBXBuildFile; fileRef = 7ED95CF51AB9028C008C4574 /* CDVPlugin+Private.h */; };
		7ED95D071AB9028C008C4574 /* CDVHandleOpenURL.m in Sources */ = {isa = PBXBuildFile; fileRef = 7ED95CF91AB9028C008C4574 /* CDVHandleOpenURL.m */; };
		7ED95D091AB9028C008C4574 /* CDVLocalStorage.m in Sources */ = {isa = PBXBuildFile; fileRef = 7ED95CFC1AB9028C008C4574 /* CDVLocalStorage.m */; };
		7ED95D0A1AB9028C008C4574 /* CDVUIWebViewDelegate.h in Headers */ = {isa = PBXBuildFile; fileRef = 7ED95CFE1AB9028C008C4574 /* CDVUIWebViewDelegate.h */; settings = {ATTRIBUTES = (Public, ); }; };
		7ED95D0B1AB9028C008C4574 /* CDVUIWebViewDelegate.m in Sources */ = {isa = PBXBuildFile; fileRef = 7ED95CFF1AB9028C008C4574 /* CDVUIWebViewDelegate.m */; };
		7ED95D0D1AB9028C008C4574 /* CDVUIWebViewEngine.m in Sources */ = {isa = PBXBuildFile; fileRef = 7ED95D011AB9028C008C4574 /* CDVUIWebViewEngine.m */; };
		7ED95D351AB9029B008C4574 /* CDV.h in Headers */ = {isa = PBXBuildFile; fileRef = 7ED95D0F1AB9029B008C4574 /* CDV.h */; settings = {ATTRIBUTES = (Public, ); }; };
		7ED95D361AB9029B008C4574 /* GCMVPAppDelegate.h in Headers */ = {isa = PBXBuildFile; fileRef = 7ED95D101AB9029B008C4574 /* GCMVPAppDelegate.h */; settings = {ATTRIBUTES = (Public, ); }; };
		7ED95D371AB9029B008C4574 /* GCMVPAppDelegate.m in Sources */ = {isa = PBXBuildFile; fileRef = 7ED95D111AB9029B008C4574 /* GCMVPAppDelegate.m */; };
		7ED95D381AB9029B008C4574 /* CDVAvailability.h in Headers */ = {isa = PBXBuildFile; fileRef = 7ED95D121AB9029B008C4574 /* CDVAvailability.h */; settings = {ATTRIBUTES = (Public, ); }; };
		7ED95D391AB9029B008C4574 /* CDVAvailabilityDeprecated.h in Headers */ = {isa = PBXBuildFile; fileRef = 7ED95D131AB9029B008C4574 /* CDVAvailabilityDeprecated.h */; settings = {ATTRIBUTES = (Public, ); }; };
		7ED95D3A1AB9029B008C4574 /* CDVCommandDelegate.h in Headers */ = {isa = PBXBuildFile; fileRef = 7ED95D141AB9029B008C4574 /* CDVCommandDelegate.h */; settings = {ATTRIBUTES = (Public, ); }; };
		7ED95D3B1AB9029B008C4574 /* CDVCommandDelegateImpl.h in Headers */ = {isa = PBXBuildFile; fileRef = 7ED95D151AB9029B008C4574 /* CDVCommandDelegateImpl.h */; settings = {ATTRIBUTES = (Public, ); }; };
		7ED95D3C1AB9029B008C4574 /* CDVCommandDelegateImpl.m in Sources */ = {isa = PBXBuildFile; fileRef = 7ED95D161AB9029B008C4574 /* CDVCommandDelegateImpl.m */; };
		7ED95D3D1AB9029B008C4574 /* CDVCommandQueue.h in Headers */ = {isa = PBXBuildFile; fileRef = 7ED95D171AB9029B008C4574 /* CDVCommandQueue.h */; settings = {ATTRIBUTES = (Public, ); }; };
		7ED95D3E1AB9029B008C4574 /* CDVCommandQueue.m in Sources */ = {isa = PBXBuildFile; fileRef = 7ED95D181AB9029B008C4574 /* CDVCommandQueue.m */; };
		7ED95D3F1AB9029B008C4574 /* CDVConfigParser.h in Headers */ = {isa = PBXBuildFile; fileRef = 7ED95D191AB9029B008C4574 /* CDVConfigParser.h */; settings = {ATTRIBUTES = (Public, ); }; };
		7ED95D401AB9029B008C4574 /* CDVConfigParser.m in Sources */ = {isa = PBXBuildFile; fileRef = 7ED95D1A1AB9029B008C4574 /* CDVConfigParser.m */; };
		7ED95D411AB9029B008C4574 /* CDVInvokedUrlCommand.h in Headers */ = {isa = PBXBuildFile; fileRef = 7ED95D1B1AB9029B008C4574 /* CDVInvokedUrlCommand.h */; settings = {ATTRIBUTES = (Public, ); }; };
		7ED95D421AB9029B008C4574 /* CDVInvokedUrlCommand.m in Sources */ = {isa = PBXBuildFile; fileRef = 7ED95D1C1AB9029B008C4574 /* CDVInvokedUrlCommand.m */; };
		7ED95D431AB9029B008C4574 /* CDVPlugin+Resources.h in Headers */ = {isa = PBXBuildFile; fileRef = 7ED95D1D1AB9029B008C4574 /* CDVPlugin+Resources.h */; settings = {ATTRIBUTES = (Public, ); }; };
		7ED95D441AB9029B008C4574 /* CDVPlugin+Resources.m in Sources */ = {isa = PBXBuildFile; fileRef = 7ED95D1E1AB9029B008C4574 /* CDVPlugin+Resources.m */; };
		7ED95D451AB9029B008C4574 /* CDVPlugin.h in Headers */ = {isa = PBXBuildFile; fileRef = 7ED95D1F1AB9029B008C4574 /* CDVPlugin.h */; settings = {ATTRIBUTES = (Public, ); }; };
		7ED95D461AB9029B008C4574 /* CDVPlugin.m in Sources */ = {isa = PBXBuildFile; fileRef = 7ED95D201AB9029B008C4574 /* CDVPlugin.m */; };
		7ED95D471AB9029B008C4574 /* CDVPluginResult.h in Headers */ = {isa = PBXBuildFile; fileRef = 7ED95D211AB9029B008C4574 /* CDVPluginResult.h */; settings = {ATTRIBUTES = (Public, ); }; };
		7ED95D481AB9029B008C4574 /* CDVPluginResult.m in Sources */ = {isa = PBXBuildFile; fileRef = 7ED95D221AB9029B008C4574 /* CDVPluginResult.m */; };
		7ED95D491AB9029B008C4574 /* CDVScreenOrientationDelegate.h in Headers */ = {isa = PBXBuildFile; fileRef = 7ED95D231AB9029B008C4574 /* CDVScreenOrientationDelegate.h */; settings = {ATTRIBUTES = (Public, ); }; };
		7ED95D4A1AB9029B008C4574 /* CDVTimer.h in Headers */ = {isa = PBXBuildFile; fileRef = 7ED95D241AB9029B008C4574 /* CDVTimer.h */; settings = {ATTRIBUTES = (Public, ); }; };
		7ED95D4B1AB9029B008C4574 /* CDVTimer.m in Sources */ = {isa = PBXBuildFile; fileRef = 7ED95D251AB9029B008C4574 /* CDVTimer.m */; };
		7ED95D4C1AB9029B008C4574 /* CDVURLProtocol.h in Headers */ = {isa = PBXBuildFile; fileRef = 7ED95D261AB9029B008C4574 /* CDVURLProtocol.h */; settings = {ATTRIBUTES = (Public, ); }; };
		7ED95D4D1AB9029B008C4574 /* CDVURLProtocol.m in Sources */ = {isa = PBXBuildFile; fileRef = 7ED95D271AB9029B008C4574 /* CDVURLProtocol.m */; };
		7ED95D4E1AB9029B008C4574 /* CDVUserAgentUtil.h in Headers */ = {isa = PBXBuildFile; fileRef = 7ED95D281AB9029B008C4574 /* CDVUserAgentUtil.h */; settings = {ATTRIBUTES = (Public, ); }; };
		7ED95D4F1AB9029B008C4574 /* CDVUserAgentUtil.m in Sources */ = {isa = PBXBuildFile; fileRef = 7ED95D291AB9029B008C4574 /* CDVUserAgentUtil.m */; };
		7ED95D501AB9029B008C4574 /* GCMVPViewController.h in Headers */ = {isa = PBXBuildFile; fileRef = 7ED95D2A1AB9029B008C4574 /* GCMVPViewController.h */; settings = {ATTRIBUTES = (Public, ); }; };
		7ED95D511AB9029B008C4574 /* GCMVPViewController.m in Sources */ = {isa = PBXBuildFile; fileRef = 7ED95D2B1AB9029B008C4574 /* GCMVPViewController.m */; };
		7ED95D521AB9029B008C4574 /* CDVWebViewEngineProtocol.h in Headers */ = {isa = PBXBuildFile; fileRef = 7ED95D2C1AB9029B008C4574 /* CDVWebViewEngineProtocol.h */; settings = {ATTRIBUTES = (Public, ); }; };
		7ED95D531AB9029B008C4574 /* CDVWhitelist.h in Headers */ = {isa = PBXBuildFile; fileRef = 7ED95D2D1AB9029B008C4574 /* CDVWhitelist.h */; settings = {ATTRIBUTES = (Public, ); }; };
		7ED95D541AB9029B008C4574 /* CDVWhitelist.m in Sources */ = {isa = PBXBuildFile; fileRef = 7ED95D2E1AB9029B008C4574 /* CDVWhitelist.m */; };
		7ED95D571AB9029B008C4574 /* NSDictionary+CordovaPreferences.h in Headers */ = {isa = PBXBuildFile; fileRef = 7ED95D311AB9029B008C4574 /* NSDictionary+CordovaPreferences.h */; settings = {ATTRIBUTES = (Public, ); }; };
		7ED95D581AB9029B008C4574 /* NSDictionary+CordovaPreferences.m in Sources */ = {isa = PBXBuildFile; fileRef = 7ED95D321AB9029B008C4574 /* NSDictionary+CordovaPreferences.m */; };
		7ED95D591AB9029B008C4574 /* NSMutableArray+QueueAdditions.h in Headers */ = {isa = PBXBuildFile; fileRef = 7ED95D331AB9029B008C4574 /* NSMutableArray+QueueAdditions.h */; settings = {ATTRIBUTES = (Public, ); }; };
		7ED95D5A1AB9029B008C4574 /* NSMutableArray+QueueAdditions.m in Sources */ = {isa = PBXBuildFile; fileRef = 7ED95D341AB9029B008C4574 /* NSMutableArray+QueueAdditions.m */; };
		A3B082D41BB15CEA00D8DC35 /* CDVGestureHandler.h in Headers */ = {isa = PBXBuildFile; fileRef = A3B082D21BB15CEA00D8DC35 /* CDVGestureHandler.h */; };
		A3B082D51BB15CEA00D8DC35 /* CDVGestureHandler.m in Sources */ = {isa = PBXBuildFile; fileRef = A3B082D31BB15CEA00D8DC35 /* CDVGestureHandler.m */; };
		C0C01EB61E3911D50056E6CB /* GCMVP.h in Headers */ = {isa = PBXBuildFile; fileRef = C0C01EB41E3911D50056E6CB /* GCMVP.h */; settings = {ATTRIBUTES = (Public, ); }; };
		C0C01EBA1E39120F0056E6CB /* libGCMVP.a in Frameworks */ = {isa = PBXBuildFile; fileRef = 68A32D7114102E1C006B237C /* libGCMVP.a */; };
		C0C01EBB1E39131A0056E6CB /* CDV.h in Headers */ = {isa = PBXBuildFile; fileRef = 7ED95D0F1AB9029B008C4574 /* CDV.h */; settings = {ATTRIBUTES = (Public, ); }; };
		C0C01EBC1E39131A0056E6CB /* GCMVPAppDelegate.h in Headers */ = {isa = PBXBuildFile; fileRef = 7ED95D101AB9029B008C4574 /* GCMVPAppDelegate.h */; settings = {ATTRIBUTES = (Public, ); }; };
		C0C01EBD1E39131A0056E6CB /* CDVAvailability.h in Headers */ = {isa = PBXBuildFile; fileRef = 7ED95D121AB9029B008C4574 /* CDVAvailability.h */; settings = {ATTRIBUTES = (Public, ); }; };
		C0C01EBE1E39131A0056E6CB /* CDVAvailabilityDeprecated.h in Headers */ = {isa = PBXBuildFile; fileRef = 7ED95D131AB9029B008C4574 /* CDVAvailabilityDeprecated.h */; settings = {ATTRIBUTES = (Public, ); }; };
		C0C01EBF1E39131A0056E6CB /* CDVCommandDelegate.h in Headers */ = {isa = PBXBuildFile; fileRef = 7ED95D141AB9029B008C4574 /* CDVCommandDelegate.h */; settings = {ATTRIBUTES = (Public, ); }; };
		C0C01EC01E39131A0056E6CB /* CDVCommandDelegateImpl.h in Headers */ = {isa = PBXBuildFile; fileRef = 7ED95D151AB9029B008C4574 /* CDVCommandDelegateImpl.h */; settings = {ATTRIBUTES = (Public, ); }; };
		C0C01EC11E39131A0056E6CB /* CDVCommandQueue.h in Headers */ = {isa = PBXBuildFile; fileRef = 7ED95D171AB9029B008C4574 /* CDVCommandQueue.h */; settings = {ATTRIBUTES = (Public, ); }; };
		C0C01EC21E39131A0056E6CB /* CDVConfigParser.h in Headers */ = {isa = PBXBuildFile; fileRef = 7ED95D191AB9029B008C4574 /* CDVConfigParser.h */; settings = {ATTRIBUTES = (Public, ); }; };
		C0C01EC31E39131A0056E6CB /* CDVInvokedUrlCommand.h in Headers */ = {isa = PBXBuildFile; fileRef = 7ED95D1B1AB9029B008C4574 /* CDVInvokedUrlCommand.h */; settings = {ATTRIBUTES = (Public, ); }; };
		C0C01EC41E39131A0056E6CB /* CDVPlugin+Resources.h in Headers */ = {isa = PBXBuildFile; fileRef = 7ED95D1D1AB9029B008C4574 /* CDVPlugin+Resources.h */; settings = {ATTRIBUTES = (Public, ); }; };
		C0C01EC51E39131A0056E6CB /* CDVPlugin.h in Headers */ = {isa = PBXBuildFile; fileRef = 7ED95D1F1AB9029B008C4574 /* CDVPlugin.h */; settings = {ATTRIBUTES = (Public, ); }; };
		C0C01EC61E39131A0056E6CB /* CDVPluginResult.h in Headers */ = {isa = PBXBuildFile; fileRef = 7ED95D211AB9029B008C4574 /* CDVPluginResult.h */; settings = {ATTRIBUTES = (Public, ); }; };
		C0C01EC71E39131A0056E6CB /* CDVScreenOrientationDelegate.h in Headers */ = {isa = PBXBuildFile; fileRef = 7ED95D231AB9029B008C4574 /* CDVScreenOrientationDelegate.h */; settings = {ATTRIBUTES = (Public, ); }; };
		C0C01EC81E39131A0056E6CB /* CDVTimer.h in Headers */ = {isa = PBXBuildFile; fileRef = 7ED95D241AB9029B008C4574 /* CDVTimer.h */; settings = {ATTRIBUTES = (Public, ); }; };
		C0C01EC91E39131A0056E6CB /* CDVURLProtocol.h in Headers */ = {isa = PBXBuildFile; fileRef = 7ED95D261AB9029B008C4574 /* CDVURLProtocol.h */; settings = {ATTRIBUTES = (Public, ); }; };
		C0C01ECA1E39131A0056E6CB /* CDVUserAgentUtil.h in Headers */ = {isa = PBXBuildFile; fileRef = 7ED95D281AB9029B008C4574 /* CDVUserAgentUtil.h */; settings = {ATTRIBUTES = (Public, ); }; };
		C0C01ECB1E39131A0056E6CB /* GCMVPViewController.h in Headers */ = {isa = PBXBuildFile; fileRef = 7ED95D2A1AB9029B008C4574 /* GCMVPViewController.h */; settings = {ATTRIBUTES = (Public, ); }; };
		C0C01ECC1E39131A0056E6CB /* CDVWebViewEngineProtocol.h in Headers */ = {isa = PBXBuildFile; fileRef = 7ED95D2C1AB9029B008C4574 /* CDVWebViewEngineProtocol.h */; settings = {ATTRIBUTES = (Public, ); }; };
		C0C01ECD1E39131A0056E6CB /* CDVWhitelist.h in Headers */ = {isa = PBXBuildFile; fileRef = 7ED95D2D1AB9029B008C4574 /* CDVWhitelist.h */; settings = {ATTRIBUTES = (Public, ); }; };
		C0C01ECE1E39131A0056E6CB /* NSDictionary+CordovaPreferences.h in Headers */ = {isa = PBXBuildFile; fileRef = 7ED95D311AB9029B008C4574 /* NSDictionary+CordovaPreferences.h */; settings = {ATTRIBUTES = (Public, ); }; };
		C0C01ECF1E39131A0056E6CB /* NSMutableArray+QueueAdditions.h in Headers */ = {isa = PBXBuildFile; fileRef = 7ED95D331AB9029B008C4574 /* NSMutableArray+QueueAdditions.h */; settings = {ATTRIBUTES = (Public, ); }; };
		C0C01ED01E3913610056E6CB /* CDVUIWebViewDelegate.h in Headers */ = {isa = PBXBuildFile; fileRef = 7ED95CFE1AB9028C008C4574 /* CDVUIWebViewDelegate.h */; settings = {ATTRIBUTES = (Public, ); }; };
/* End PBXBuildFile section */

/* Begin PBXContainerItemProxy section */
		C0C01ED11E39137C0056E6CB /* PBXContainerItemProxy */ = {
			isa = PBXContainerItemProxy;
			containerPortal = 0867D690FE84028FC02AAC07 /* Project object */;
			proxyType = 1;
			remoteGlobalIDString = D2AAC07D0554694100DB518D;
			remoteInfo = GCMVPLib;
		};
/* End PBXContainerItemProxy section */

/* Begin PBXCopyFilesBuildPhase section */
		014DCCD1214FC5A800595733 /* CopyFiles */ = {
			isa = PBXCopyFilesBuildPhase;
			buildActionMask = 2147483647;
			dstPath = "";
			dstSubfolderSpec = 0;
			files = (
			);
			runOnlyForDeploymentPostprocessing = 0;
		};
/* End PBXCopyFilesBuildPhase section */

/* Begin PBXFileReference section */
		0109D85C21679F5D0088D525 /* CDVClose.h */ = {isa = PBXFileReference; fileEncoding = 4; lastKnownFileType = sourcecode.c.h; path = CDVClose.h; sourceTree = "<group>"; };
		0109D85D21679F5D0088D525 /* CDVClose.m */ = {isa = PBXFileReference; fileEncoding = 4; lastKnownFileType = sourcecode.c.objc; path = CDVClose.m; sourceTree = "<group>"; };
		01104E3E215A511C00BDC867 /* CDVCameraCapture.h */ = {isa = PBXFileReference; fileEncoding = 4; lastKnownFileType = sourcecode.c.h; path = CDVCameraCapture.h; sourceTree = "<group>"; };
		01104E3F215A511C00BDC867 /* CDVCameraCapture.m */ = {isa = PBXFileReference; fileEncoding = 4; lastKnownFileType = sourcecode.c.objc; path = CDVCameraCapture.m; sourceTree = "<group>"; };
		01104E43215A55B700BDC867 /* AVFoundation.framework */ = {isa = PBXFileReference; lastKnownFileType = wrapper.framework; name = AVFoundation.framework; path = System/Library/Frameworks/AVFoundation.framework; sourceTree = SDKROOT; };
		018ED840216CE374000197F7 /* Protobuf.framework */ = {isa = PBXFileReference; lastKnownFileType = wrapper.framework; path = Protobuf.framework; sourceTree = "<group>"; };
		018ED841216CE374000197F7 /* Fabric.framework */ = {isa = PBXFileReference; lastKnownFileType = wrapper.framework; path = Fabric.framework; sourceTree = "<group>"; };
		018ED842216CE374000197F7 /* Crashlytics.framework */ = {isa = PBXFileReference; lastKnownFileType = wrapper.framework; path = Crashlytics.framework; sourceTree = "<group>"; };
		018ED843216CE374000197F7 /* GoogleAppMeasurement.framework */ = {isa = PBXFileReference; lastKnownFileType = wrapper.framework; path = GoogleAppMeasurement.framework; sourceTree = "<group>"; };
		018ED844216CE374000197F7 /* AppDelegate+FirebasePlugin.m */ = {isa = PBXFileReference; fileEncoding = 4; lastKnownFileType = sourcecode.c.objc; path = "AppDelegate+FirebasePlugin.m"; sourceTree = "<group>"; };
		018ED845216CE374000197F7 /* GTMSessionFetcher.framework */ = {isa = PBXFileReference; lastKnownFileType = wrapper.framework; path = GTMSessionFetcher.framework; sourceTree = "<group>"; };
		018ED846216CE374000197F7 /* MeasurementNanoPB.framework */ = {isa = PBXFileReference; lastKnownFileType = wrapper.framework; path = MeasurementNanoPB.framework; sourceTree = "<group>"; };
		018ED847216CE374000197F7 /* FirebaseCore.framework */ = {isa = PBXFileReference; lastKnownFileType = wrapper.framework; path = FirebaseCore.framework; sourceTree = "<group>"; };
		018ED848216CE374000197F7 /* FirebaseRemoteConfig.framework */ = {isa = PBXFileReference; lastKnownFileType = wrapper.framework; path = FirebaseRemoteConfig.framework; sourceTree = "<group>"; };
		018ED849216CE374000197F7 /* FirebaseAnalytics.framework */ = {isa = PBXFileReference; lastKnownFileType = wrapper.framework; path = FirebaseAnalytics.framework; sourceTree = "<group>"; };
		018ED84A216CE374000197F7 /* Firebase.h */ = {isa = PBXFileReference; fileEncoding = 4; lastKnownFileType = sourcecode.c.h; path = Firebase.h; sourceTree = "<group>"; };
		018ED84B216CE374000197F7 /* GoogleUtilities.framework */ = {isa = PBXFileReference; lastKnownFileType = wrapper.framework; path = GoogleUtilities.framework; sourceTree = "<group>"; };
		018ED84C216CE374000197F7 /* FirebaseAuth.framework */ = {isa = PBXFileReference; lastKnownFileType = wrapper.framework; path = FirebaseAuth.framework; sourceTree = "<group>"; };
		018ED84D216CE374000197F7 /* FirebaseMessaging.framework */ = {isa = PBXFileReference; lastKnownFileType = wrapper.framework; path = FirebaseMessaging.framework; sourceTree = "<group>"; };
		018ED84E216CE374000197F7 /* FirebasePlugin.h */ = {isa = PBXFileReference; fileEncoding = 4; lastKnownFileType = sourcecode.c.h; path = FirebasePlugin.h; sourceTree = "<group>"; };
		018ED84F216CE374000197F7 /* GoogleToolboxForMac.framework */ = {isa = PBXFileReference; lastKnownFileType = wrapper.framework; path = GoogleToolboxForMac.framework; sourceTree = "<group>"; };
		018ED850216CE374000197F7 /* nanopb.framework */ = {isa = PBXFileReference; lastKnownFileType = wrapper.framework; path = nanopb.framework; sourceTree = "<group>"; };
		018ED851216CE374000197F7 /* AppDelegate+FirebasePlugin.h */ = {isa = PBXFileReference; fileEncoding = 4; lastKnownFileType = sourcecode.c.h; path = "AppDelegate+FirebasePlugin.h"; sourceTree = "<group>"; };
		018ED852216CE374000197F7 /* FirebasePerformance.framework */ = {isa = PBXFileReference; lastKnownFileType = wrapper.framework; path = FirebasePerformance.framework; sourceTree = "<group>"; };
		018ED853216CE374000197F7 /* FirebaseABTesting.framework */ = {isa = PBXFileReference; lastKnownFileType = wrapper.framework; path = FirebaseABTesting.framework; sourceTree = "<group>"; };
		018ED854216CE374000197F7 /* FirebasePlugin.m */ = {isa = PBXFileReference; fileEncoding = 4; lastKnownFileType = sourcecode.c.objc; path = FirebasePlugin.m; sourceTree = "<group>"; };
		018ED855216CE374000197F7 /* FirebaseInstanceID.framework */ = {isa = PBXFileReference; lastKnownFileType = wrapper.framework; path = FirebaseInstanceID.framework; sourceTree = "<group>"; };
		018ED856216CE374000197F7 /* FirebaseCoreDiagnostics.framework */ = {isa = PBXFileReference; lastKnownFileType = wrapper.framework; path = FirebaseCoreDiagnostics.framework; sourceTree = "<group>"; };
		01C2C9B221DB8B9700AE96B2 /* CameraSessionManager.m */ = {isa = PBXFileReference; fileEncoding = 4; lastKnownFileType = sourcecode.c.objc; path = CameraSessionManager.m; sourceTree = "<group>"; };
		01C2C9B321DB8B9700AE96B2 /* CameraRenderController.m */ = {isa = PBXFileReference; fileEncoding = 4; lastKnownFileType = sourcecode.c.objc; path = CameraRenderController.m; sourceTree = "<group>"; };
		01C2C9B421DB8B9700AE96B2 /* TemperatureAndTint.m */ = {isa = PBXFileReference; fileEncoding = 4; lastKnownFileType = sourcecode.c.objc; path = TemperatureAndTint.m; sourceTree = "<group>"; };
		01C2C9B521DB8B9700AE96B2 /* CameraPreview.h */ = {isa = PBXFileReference; fileEncoding = 4; lastKnownFileType = sourcecode.c.h; path = CameraPreview.h; sourceTree = "<group>"; };
		01C2C9B621DB8B9700AE96B2 /* CameraSessionManager.h */ = {isa = PBXFileReference; fileEncoding = 4; lastKnownFileType = sourcecode.c.h; path = CameraSessionManager.h; sourceTree = "<group>"; };
		01C2C9B721DB8B9700AE96B2 /* TemperatureAndTint.h */ = {isa = PBXFileReference; fileEncoding = 4; lastKnownFileType = sourcecode.c.h; path = TemperatureAndTint.h; sourceTree = "<group>"; };
		01C2C9B821DB8B9700AE96B2 /* CameraRenderController.h */ = {isa = PBXFileReference; fileEncoding = 4; lastKnownFileType = sourcecode.c.h; path = CameraRenderController.h; sourceTree = "<group>"; };
		01C2C9B921DB8B9700AE96B2 /* CameraPreview.m */ = {isa = PBXFileReference; fileEncoding = 4; lastKnownFileType = sourcecode.c.objc; path = CameraPreview.m; sourceTree = "<group>"; };
		01E9799D1FB45156002282F8 /* config.xml */ = {isa = PBXFileReference; fileEncoding = 4; lastKnownFileType = text.xml; path = config.xml; sourceTree = "<group>"; };
		01E97A191FB46060002282F8 /* www */ = {isa = PBXFileReference; lastKnownFileType = folder; path = www; sourceTree = "<group>"; };
		01E97A381FB46B0F002282F8 /* CDVVibration.h */ = {isa = PBXFileReference; fileEncoding = 4; lastKnownFileType = sourcecode.c.h; path = CDVVibration.h; sourceTree = "<group>"; };
		01E97A391FB46B0F002282F8 /* CDVVibration.m */ = {isa = PBXFileReference; fileEncoding = 4; lastKnownFileType = sourcecode.c.objc; path = CDVVibration.m; sourceTree = "<group>"; };
		01E97A3B1FB46B0F002282F8 /* AudioReceiver.h */ = {isa = PBXFileReference; fileEncoding = 4; lastKnownFileType = sourcecode.c.h; path = AudioReceiver.h; sourceTree = "<group>"; };
		01E97A3C1FB46B0F002282F8 /* AudioReceiver.m */ = {isa = PBXFileReference; fileEncoding = 4; lastKnownFileType = sourcecode.c.objc; path = AudioReceiver.m; sourceTree = "<group>"; };
		01E97A3D1FB46B0F002282F8 /* CDVAudioInputCapture.m */ = {isa = PBXFileReference; fileEncoding = 4; lastKnownFileType = sourcecode.c.objc; path = CDVAudioInputCapture.m; sourceTree = "<group>"; };
		01E97A3F1FB46B0F002282F8 /* Flashlight.h */ = {isa = PBXFileReference; fileEncoding = 4; lastKnownFileType = sourcecode.c.h; path = Flashlight.h; sourceTree = "<group>"; };
		01E97A401FB46B0F002282F8 /* Flashlight.m */ = {isa = PBXFileReference; fileEncoding = 4; lastKnownFileType = sourcecode.c.objc; path = Flashlight.m; sourceTree = "<group>"; };
		01E97A421FB46B0F002282F8 /* CDVInAppBrowser.h */ = {isa = PBXFileReference; fileEncoding = 4; lastKnownFileType = sourcecode.c.h; path = CDVInAppBrowser.h; sourceTree = "<group>"; };
		01E97A431FB46B0F002282F8 /* CDVInAppBrowser.m */ = {isa = PBXFileReference; fileEncoding = 4; lastKnownFileType = sourcecode.c.objc; path = CDVInAppBrowser.m; sourceTree = "<group>"; };
		01E97A451FB46B10002282F8 /* Insomnia.h */ = {isa = PBXFileReference; fileEncoding = 4; lastKnownFileType = sourcecode.c.h; path = Insomnia.h; sourceTree = "<group>"; };
		01E97A461FB46B10002282F8 /* Insomnia.m */ = {isa = PBXFileReference; fileEncoding = 4; lastKnownFileType = sourcecode.c.objc; path = Insomnia.m; sourceTree = "<group>"; };
		01E97A481FB46B10002282F8 /* CDVNotification.h */ = {isa = PBXFileReference; fileEncoding = 4; lastKnownFileType = sourcecode.c.h; path = CDVNotification.h; sourceTree = "<group>"; };
		01E97A491FB46B10002282F8 /* CDVNotification.m */ = {isa = PBXFileReference; fileEncoding = 4; lastKnownFileType = sourcecode.c.objc; path = CDVNotification.m; sourceTree = "<group>"; };
		01E97A4B1FB46B10002282F8 /* CDVRemoteInjection.h */ = {isa = PBXFileReference; fileEncoding = 4; lastKnownFileType = sourcecode.c.h; path = CDVRemoteInjection.h; sourceTree = "<group>"; };
		01E97A4C1FB46B10002282F8 /* CDVRemoteInjection.m */ = {isa = PBXFileReference; fileEncoding = 4; lastKnownFileType = sourcecode.c.objc; path = CDVRemoteInjection.m; sourceTree = "<group>"; };
		01E97A4D1FB46B10002282F8 /* CDVRemoteInjectionUIWebViewDelegate.h */ = {isa = PBXFileReference; fileEncoding = 4; lastKnownFileType = sourcecode.c.h; path = CDVRemoteInjectionUIWebViewDelegate.h; sourceTree = "<group>"; };
		01E97A4E1FB46B10002282F8 /* CDVRemoteInjectionUIWebViewDelegate.m */ = {isa = PBXFileReference; fileEncoding = 4; lastKnownFileType = sourcecode.c.objc; path = CDVRemoteInjectionUIWebViewDelegate.m; sourceTree = "<group>"; };
		01E97A4F1FB46B10002282F8 /* CDVRemoteInjectionWebViewBaseDelegate.h */ = {isa = PBXFileReference; fileEncoding = 4; lastKnownFileType = sourcecode.c.h; path = CDVRemoteInjectionWebViewBaseDelegate.h; sourceTree = "<group>"; };
		01E97A501FB46B10002282F8 /* CDVRemoteInjectionWebViewBaseDelegate.m */ = {isa = PBXFileReference; fileEncoding = 4; lastKnownFileType = sourcecode.c.objc; path = CDVRemoteInjectionWebViewBaseDelegate.m; sourceTree = "<group>"; };
		01E97A511FB46B10002282F8 /* CDVRemoteInjectionWKWebViewDelegate.h */ = {isa = PBXFileReference; fileEncoding = 4; lastKnownFileType = sourcecode.c.h; path = CDVRemoteInjectionWKWebViewDelegate.h; sourceTree = "<group>"; };
		01E97A521FB46B10002282F8 /* CDVRemoteInjectionWKWebViewDelegate.m */ = {isa = PBXFileReference; fileEncoding = 4; lastKnownFileType = sourcecode.c.objc; path = CDVRemoteInjectionWKWebViewDelegate.m; sourceTree = "<group>"; };
		01F1D7042126E8A700133DE1 /* CDVLocalFilesystem.h */ = {isa = PBXFileReference; fileEncoding = 4; lastKnownFileType = sourcecode.c.h; name = CDVLocalFilesystem.h; path = "Classes/Private/Plugins/cordova-plugin-file/CDVLocalFilesystem.h"; sourceTree = SOURCE_ROOT; };
		01F1D7052126E8A700133DE1 /* CDVLocalFilesystem.m */ = {isa = PBXFileReference; fileEncoding = 4; lastKnownFileType = sourcecode.c.objc; name = CDVLocalFilesystem.m; path = "Classes/Private/Plugins/cordova-plugin-file/CDVLocalFilesystem.m"; sourceTree = SOURCE_ROOT; };
		01F1D7062126E8A700133DE1 /* CDVFile.m */ = {isa = PBXFileReference; fileEncoding = 4; lastKnownFileType = sourcecode.c.objc; name = CDVFile.m; path = "Classes/Private/Plugins/cordova-plugin-file/CDVFile.m"; sourceTree = SOURCE_ROOT; };
		01F1D7072126E8A700133DE1 /* CDVAssetLibraryFilesystem.m */ = {isa = PBXFileReference; fileEncoding = 4; lastKnownFileType = sourcecode.c.objc; name = CDVAssetLibraryFilesystem.m; path = "Classes/Private/Plugins/cordova-plugin-file/CDVAssetLibraryFilesystem.m"; sourceTree = SOURCE_ROOT; };
		01F1D7082126E8A700133DE1 /* CDVFile.h */ = {isa = PBXFileReference; fileEncoding = 4; lastKnownFileType = sourcecode.c.h; name = CDVFile.h; path = "Classes/Private/Plugins/cordova-plugin-file/CDVFile.h"; sourceTree = SOURCE_ROOT; };
		01F1D7092126E8A700133DE1 /* CDVAssetLibraryFilesystem.h */ = {isa = PBXFileReference; fileEncoding = 4; lastKnownFileType = sourcecode.c.h; name = CDVAssetLibraryFilesystem.h; path = "Classes/Private/Plugins/cordova-plugin-file/CDVAssetLibraryFilesystem.h"; sourceTree = SOURCE_ROOT; };
		01F1D7112126E99E00133DE1 /* CDVCapture.h */ = {isa = PBXFileReference; fileEncoding = 4; lastKnownFileType = sourcecode.c.h; path = CDVCapture.h; sourceTree = "<group>"; };
		01F1D7122126E99E00133DE1 /* CDVCapture.m */ = {isa = PBXFileReference; fileEncoding = 4; lastKnownFileType = sourcecode.c.objc; path = CDVCapture.m; sourceTree = "<group>"; };
		01F1D7162126E9DD00133DE1 /* NSString+SSURLEncoding.m */ = {isa = PBXFileReference; fileEncoding = 4; lastKnownFileType = sourcecode.c.objc; path = "NSString+SSURLEncoding.m"; sourceTree = "<group>"; };
		01F1D7172126E9DD00133DE1 /* NSString+SSURLEncoding.h */ = {isa = PBXFileReference; fileEncoding = 4; lastKnownFileType = sourcecode.c.h; path = "NSString+SSURLEncoding.h"; sourceTree = "<group>"; };
		01F1D7182126E9DD00133DE1 /* SocialSharing.h */ = {isa = PBXFileReference; fileEncoding = 4; lastKnownFileType = sourcecode.c.h; path = SocialSharing.h; sourceTree = "<group>"; };
		01F1D7192126E9DD00133DE1 /* SocialSharing.m */ = {isa = PBXFileReference; fileEncoding = 4; lastKnownFileType = sourcecode.c.objc; path = SocialSharing.m; sourceTree = "<group>"; };
		01F6CEEB216CB8F400E15129 /* FirebaseCore.framework */ = {isa = PBXFileReference; lastKnownFileType = wrapper.framework; name = FirebaseCore.framework; path = frameworks/FirebaseCore.framework; sourceTree = "<group>"; };
		01F6CEED216CBAC600E15129 /* FirebaseMessaging.framework */ = {isa = PBXFileReference; lastKnownFileType = wrapper.framework; name = FirebaseMessaging.framework; path = frameworks/FirebaseMessaging.framework; sourceTree = "<group>"; };
		01F6CEEF216CBB0600E15129 /* FirebaseInstanceID.framework */ = {isa = PBXFileReference; lastKnownFileType = wrapper.framework; name = FirebaseInstanceID.framework; path = frameworks/FirebaseInstanceID.framework; sourceTree = "<group>"; };
		01FE05132189FD2700CBFE12 /* CDVLocation.h */ = {isa = PBXFileReference; fileEncoding = 4; lastKnownFileType = sourcecode.c.h; path = CDVLocation.h; sourceTree = "<group>"; };
		01FE05142189FD2700CBFE12 /* CDVLocation.m */ = {isa = PBXFileReference; fileEncoding = 4; lastKnownFileType = sourcecode.c.objc; path = CDVLocation.m; sourceTree = "<group>"; };
		28BFF9121F355A4E00DDF01A /* CDVLogger.h */ = {isa = PBXFileReference; fileEncoding = 4; lastKnownFileType = sourcecode.c.h; path = CDVLogger.h; sourceTree = "<group>"; };
		28BFF9131F355A4E00DDF01A /* CDVLogger.m */ = {isa = PBXFileReference; fileEncoding = 4; lastKnownFileType = sourcecode.c.objc; path = CDVLogger.m; sourceTree = "<group>"; };
		30193A4E1AE6350A0069A75F /* CDVUIWebViewNavigationDelegate.m */ = {isa = PBXFileReference; fileEncoding = 4; lastKnownFileType = sourcecode.c.objc; path = CDVUIWebViewNavigationDelegate.m; sourceTree = "<group>"; };
		30193A4F1AE6350A0069A75F /* CDVUIWebViewNavigationDelegate.h */ = {isa = PBXFileReference; fileEncoding = 4; lastKnownFileType = sourcecode.c.h; path = CDVUIWebViewNavigationDelegate.h; sourceTree = "<group>"; };
		30325A0B136B343700982B63 /* VERSION */ = {isa = PBXFileReference; fileEncoding = 4; lastKnownFileType = text; path = VERSION; sourceTree = "<group>"; };
		3093E2211B16D6A3003F381A /* CDVIntentAndNavigationFilter.h */ = {isa = PBXFileReference; fileEncoding = 4; lastKnownFileType = sourcecode.c.h; path = CDVIntentAndNavigationFilter.h; sourceTree = "<group>"; };
		3093E2221B16D6A3003F381A /* CDVIntentAndNavigationFilter.m */ = {isa = PBXFileReference; fileEncoding = 4; lastKnownFileType = sourcecode.c.objc; path = CDVIntentAndNavigationFilter.m; sourceTree = "<group>"; };
		68A32D7114102E1C006B237C /* libGCMVP.a */ = {isa = PBXFileReference; explicitFileType = archive.ar; includeInIndex = 0; path = libGCMVP.a; sourceTree = BUILT_PRODUCTS_DIR; };
		7ED95CF21AB9028C008C4574 /* CDVDebug.h */ = {isa = PBXFileReference; fileEncoding = 4; lastKnownFileType = sourcecode.c.h; path = CDVDebug.h; sourceTree = "<group>"; };
		7ED95CF31AB9028C008C4574 /* CDVJSON_private.h */ = {isa = PBXFileReference; fileEncoding = 4; lastKnownFileType = sourcecode.c.h; path = CDVJSON_private.h; sourceTree = "<group>"; };
		7ED95CF41AB9028C008C4574 /* CDVJSON_private.m */ = {isa = PBXFileReference; fileEncoding = 4; lastKnownFileType = sourcecode.c.objc; path = CDVJSON_private.m; sourceTree = "<group>"; };
		7ED95CF51AB9028C008C4574 /* CDVPlugin+Private.h */ = {isa = PBXFileReference; fileEncoding = 4; lastKnownFileType = sourcecode.c.h; path = "CDVPlugin+Private.h"; sourceTree = "<group>"; };
		7ED95CF81AB9028C008C4574 /* CDVHandleOpenURL.h */ = {isa = PBXFileReference; fileEncoding = 4; lastKnownFileType = sourcecode.c.h; path = CDVHandleOpenURL.h; sourceTree = "<group>"; };
		7ED95CF91AB9028C008C4574 /* CDVHandleOpenURL.m */ = {isa = PBXFileReference; fileEncoding = 4; lastKnownFileType = sourcecode.c.objc; path = CDVHandleOpenURL.m; sourceTree = "<group>"; };
		7ED95CFB1AB9028C008C4574 /* CDVLocalStorage.h */ = {isa = PBXFileReference; fileEncoding = 4; lastKnownFileType = sourcecode.c.h; path = CDVLocalStorage.h; sourceTree = "<group>"; };
		7ED95CFC1AB9028C008C4574 /* CDVLocalStorage.m */ = {isa = PBXFileReference; fileEncoding = 4; lastKnownFileType = sourcecode.c.objc; path = CDVLocalStorage.m; sourceTree = "<group>"; };
		7ED95CFE1AB9028C008C4574 /* CDVUIWebViewDelegate.h */ = {isa = PBXFileReference; fileEncoding = 4; lastKnownFileType = sourcecode.c.h; path = CDVUIWebViewDelegate.h; sourceTree = "<group>"; };
		7ED95CFF1AB9028C008C4574 /* CDVUIWebViewDelegate.m */ = {isa = PBXFileReference; fileEncoding = 4; lastKnownFileType = sourcecode.c.objc; path = CDVUIWebViewDelegate.m; sourceTree = "<group>"; };
		7ED95D001AB9028C008C4574 /* CDVUIWebViewEngine.h */ = {isa = PBXFileReference; fileEncoding = 4; lastKnownFileType = sourcecode.c.h; path = CDVUIWebViewEngine.h; sourceTree = "<group>"; };
		7ED95D011AB9028C008C4574 /* CDVUIWebViewEngine.m */ = {isa = PBXFileReference; fileEncoding = 4; lastKnownFileType = sourcecode.c.objc; path = CDVUIWebViewEngine.m; sourceTree = "<group>"; };
		7ED95D0F1AB9029B008C4574 /* CDV.h */ = {isa = PBXFileReference; fileEncoding = 4; lastKnownFileType = sourcecode.c.h; path = CDV.h; sourceTree = "<group>"; };
		7ED95D101AB9029B008C4574 /* GCMVPAppDelegate.h */ = {isa = PBXFileReference; fileEncoding = 4; lastKnownFileType = sourcecode.c.h; path = GCMVPAppDelegate.h; sourceTree = "<group>"; };
		7ED95D111AB9029B008C4574 /* GCMVPAppDelegate.m */ = {isa = PBXFileReference; fileEncoding = 4; lastKnownFileType = sourcecode.c.objc; path = GCMVPAppDelegate.m; sourceTree = "<group>"; };
		7ED95D121AB9029B008C4574 /* CDVAvailability.h */ = {isa = PBXFileReference; fileEncoding = 4; lastKnownFileType = sourcecode.c.h; path = CDVAvailability.h; sourceTree = "<group>"; };
		7ED95D131AB9029B008C4574 /* CDVAvailabilityDeprecated.h */ = {isa = PBXFileReference; fileEncoding = 4; lastKnownFileType = sourcecode.c.h; path = CDVAvailabilityDeprecated.h; sourceTree = "<group>"; };
		7ED95D141AB9029B008C4574 /* CDVCommandDelegate.h */ = {isa = PBXFileReference; fileEncoding = 4; lastKnownFileType = sourcecode.c.h; path = CDVCommandDelegate.h; sourceTree = "<group>"; };
		7ED95D151AB9029B008C4574 /* CDVCommandDelegateImpl.h */ = {isa = PBXFileReference; fileEncoding = 4; lastKnownFileType = sourcecode.c.h; path = CDVCommandDelegateImpl.h; sourceTree = "<group>"; };
		7ED95D161AB9029B008C4574 /* CDVCommandDelegateImpl.m */ = {isa = PBXFileReference; fileEncoding = 4; lastKnownFileType = sourcecode.c.objc; path = CDVCommandDelegateImpl.m; sourceTree = "<group>"; };
		7ED95D171AB9029B008C4574 /* CDVCommandQueue.h */ = {isa = PBXFileReference; fileEncoding = 4; lastKnownFileType = sourcecode.c.h; path = CDVCommandQueue.h; sourceTree = "<group>"; };
		7ED95D181AB9029B008C4574 /* CDVCommandQueue.m */ = {isa = PBXFileReference; fileEncoding = 4; lastKnownFileType = sourcecode.c.objc; path = CDVCommandQueue.m; sourceTree = "<group>"; };
		7ED95D191AB9029B008C4574 /* CDVConfigParser.h */ = {isa = PBXFileReference; fileEncoding = 4; lastKnownFileType = sourcecode.c.h; path = CDVConfigParser.h; sourceTree = "<group>"; };
		7ED95D1A1AB9029B008C4574 /* CDVConfigParser.m */ = {isa = PBXFileReference; fileEncoding = 4; lastKnownFileType = sourcecode.c.objc; path = CDVConfigParser.m; sourceTree = "<group>"; };
		7ED95D1B1AB9029B008C4574 /* CDVInvokedUrlCommand.h */ = {isa = PBXFileReference; fileEncoding = 4; lastKnownFileType = sourcecode.c.h; path = CDVInvokedUrlCommand.h; sourceTree = "<group>"; };
		7ED95D1C1AB9029B008C4574 /* CDVInvokedUrlCommand.m */ = {isa = PBXFileReference; fileEncoding = 4; lastKnownFileType = sourcecode.c.objc; path = CDVInvokedUrlCommand.m; sourceTree = "<group>"; };
		7ED95D1D1AB9029B008C4574 /* CDVPlugin+Resources.h */ = {isa = PBXFileReference; fileEncoding = 4; lastKnownFileType = sourcecode.c.h; path = "CDVPlugin+Resources.h"; sourceTree = "<group>"; };
		7ED95D1E1AB9029B008C4574 /* CDVPlugin+Resources.m */ = {isa = PBXFileReference; fileEncoding = 4; lastKnownFileType = sourcecode.c.objc; path = "CDVPlugin+Resources.m"; sourceTree = "<group>"; };
		7ED95D1F1AB9029B008C4574 /* CDVPlugin.h */ = {isa = PBXFileReference; fileEncoding = 4; lastKnownFileType = sourcecode.c.h; path = CDVPlugin.h; sourceTree = "<group>"; };
		7ED95D201AB9029B008C4574 /* CDVPlugin.m */ = {isa = PBXFileReference; fileEncoding = 4; lastKnownFileType = sourcecode.c.objc; path = CDVPlugin.m; sourceTree = "<group>"; };
		7ED95D211AB9029B008C4574 /* CDVPluginResult.h */ = {isa = PBXFileReference; fileEncoding = 4; lastKnownFileType = sourcecode.c.h; path = CDVPluginResult.h; sourceTree = "<group>"; };
		7ED95D221AB9029B008C4574 /* CDVPluginResult.m */ = {isa = PBXFileReference; fileEncoding = 4; lastKnownFileType = sourcecode.c.objc; path = CDVPluginResult.m; sourceTree = "<group>"; };
		7ED95D231AB9029B008C4574 /* CDVScreenOrientationDelegate.h */ = {isa = PBXFileReference; fileEncoding = 4; lastKnownFileType = sourcecode.c.h; path = CDVScreenOrientationDelegate.h; sourceTree = "<group>"; };
		7ED95D241AB9029B008C4574 /* CDVTimer.h */ = {isa = PBXFileReference; fileEncoding = 4; lastKnownFileType = sourcecode.c.h; path = CDVTimer.h; sourceTree = "<group>"; };
		7ED95D251AB9029B008C4574 /* CDVTimer.m */ = {isa = PBXFileReference; fileEncoding = 4; lastKnownFileType = sourcecode.c.objc; path = CDVTimer.m; sourceTree = "<group>"; };
		7ED95D261AB9029B008C4574 /* CDVURLProtocol.h */ = {isa = PBXFileReference; fileEncoding = 4; lastKnownFileType = sourcecode.c.h; path = CDVURLProtocol.h; sourceTree = "<group>"; };
		7ED95D271AB9029B008C4574 /* CDVURLProtocol.m */ = {isa = PBXFileReference; fileEncoding = 4; lastKnownFileType = sourcecode.c.objc; path = CDVURLProtocol.m; sourceTree = "<group>"; };
		7ED95D281AB9029B008C4574 /* CDVUserAgentUtil.h */ = {isa = PBXFileReference; fileEncoding = 4; lastKnownFileType = sourcecode.c.h; path = CDVUserAgentUtil.h; sourceTree = "<group>"; };
		7ED95D291AB9029B008C4574 /* CDVUserAgentUtil.m */ = {isa = PBXFileReference; fileEncoding = 4; lastKnownFileType = sourcecode.c.objc; path = CDVUserAgentUtil.m; sourceTree = "<group>"; };
		7ED95D2A1AB9029B008C4574 /* GCMVPViewController.h */ = {isa = PBXFileReference; fileEncoding = 4; lastKnownFileType = sourcecode.c.h; path = GCMVPViewController.h; sourceTree = "<group>"; };
		7ED95D2B1AB9029B008C4574 /* GCMVPViewController.m */ = {isa = PBXFileReference; fileEncoding = 4; lastKnownFileType = sourcecode.c.objc; path = GCMVPViewController.m; sourceTree = "<group>"; };
		7ED95D2C1AB9029B008C4574 /* CDVWebViewEngineProtocol.h */ = {isa = PBXFileReference; fileEncoding = 4; lastKnownFileType = sourcecode.c.h; path = CDVWebViewEngineProtocol.h; sourceTree = "<group>"; };
		7ED95D2D1AB9029B008C4574 /* CDVWhitelist.h */ = {isa = PBXFileReference; fileEncoding = 4; lastKnownFileType = sourcecode.c.h; path = CDVWhitelist.h; sourceTree = "<group>"; };
		7ED95D2E1AB9029B008C4574 /* CDVWhitelist.m */ = {isa = PBXFileReference; fileEncoding = 4; lastKnownFileType = sourcecode.c.objc; path = CDVWhitelist.m; sourceTree = "<group>"; };
		7ED95D311AB9029B008C4574 /* NSDictionary+CordovaPreferences.h */ = {isa = PBXFileReference; fileEncoding = 4; lastKnownFileType = sourcecode.c.h; path = "NSDictionary+CordovaPreferences.h"; sourceTree = "<group>"; };
		7ED95D321AB9029B008C4574 /* NSDictionary+CordovaPreferences.m */ = {isa = PBXFileReference; fileEncoding = 4; lastKnownFileType = sourcecode.c.objc; path = "NSDictionary+CordovaPreferences.m"; sourceTree = "<group>"; };
		7ED95D331AB9029B008C4574 /* NSMutableArray+QueueAdditions.h */ = {isa = PBXFileReference; fileEncoding = 4; lastKnownFileType = sourcecode.c.h; path = "NSMutableArray+QueueAdditions.h"; sourceTree = "<group>"; };
		7ED95D341AB9029B008C4574 /* NSMutableArray+QueueAdditions.m */ = {isa = PBXFileReference; fileEncoding = 4; lastKnownFileType = sourcecode.c.objc; path = "NSMutableArray+QueueAdditions.m"; sourceTree = "<group>"; };
		A3B082D21BB15CEA00D8DC35 /* CDVGestureHandler.h */ = {isa = PBXFileReference; fileEncoding = 4; lastKnownFileType = sourcecode.c.h; path = CDVGestureHandler.h; sourceTree = "<group>"; };
		A3B082D31BB15CEA00D8DC35 /* CDVGestureHandler.m */ = {isa = PBXFileReference; fileEncoding = 4; lastKnownFileType = sourcecode.c.objc; path = CDVGestureHandler.m; sourceTree = "<group>"; };
		AA747D9E0F9514B9006C5449 /* GCMVPLib_Prefix.pch */ = {isa = PBXFileReference; fileEncoding = 4; lastKnownFileType = sourcecode.c.h; path = GCMVPLib_Prefix.pch; sourceTree = SOURCE_ROOT; };
		C0C01EB21E3911D50056E6CB /* GCMVP.framework */ = {isa = PBXFileReference; explicitFileType = wrapper.framework; includeInIndex = 0; path = GCMVP.framework; sourceTree = BUILT_PRODUCTS_DIR; };
		C0C01EB41E3911D50056E6CB /* GCMVP.h */ = {isa = PBXFileReference; lastKnownFileType = sourcecode.c.h; path = GCMVP.h; sourceTree = "<group>"; };
		C0C01EB51E3911D50056E6CB /* Info.plist */ = {isa = PBXFileReference; lastKnownFileType = text.plist.xml; path = Info.plist; sourceTree = "<group>"; };
/* End PBXFileReference section */

/* Begin PBXFrameworksBuildPhase section */
		C0C01EAE1E3911D50056E6CB /* Frameworks */ = {
			isa = PBXFrameworksBuildPhase;
			buildActionMask = 2147483647;
			files = (
				018ED871216CE922000197F7 /* Crashlytics.framework in Frameworks */,
				018ED873216CE94E000197F7 /* FirebaseABTesting.framework in Frameworks */,
				018ED874216CE94E000197F7 /* FirebaseAnalytics.framework in Frameworks */,
				018ED875216CE94E000197F7 /* FirebaseAuth.framework in Frameworks */,
				018ED876216CE94E000197F7 /* FirebaseCoreDiagnostics.framework in Frameworks */,
				018ED877216CE94E000197F7 /* FirebaseInstanceID.framework in Frameworks */,
				018ED878216CE94E000197F7 /* FirebasePerformance.framework in Frameworks */,
				018ED879216CE94E000197F7 /* FirebaseRemoteConfig.framework in Frameworks */,
				018ED87A216CE94E000197F7 /* GoogleAppMeasurement.framework in Frameworks */,
				018ED87B216CE94E000197F7 /* GoogleToolboxForMac.framework in Frameworks */,
				018ED87C216CE94E000197F7 /* GoogleUtilities.framework in Frameworks */,
				018ED87D216CE94E000197F7 /* GTMSessionFetcher.framework in Frameworks */,
				018ED87E216CE94E000197F7 /* MeasurementNanoPB.framework in Frameworks */,
				018ED87F216CE94E000197F7 /* nanopb.framework in Frameworks */,
				018ED880216CE94E000197F7 /* Protobuf.framework in Frameworks */,
				018ED872216CE922000197F7 /* Fabric.framework in Frameworks */,
				018ED86F216CE8F9000197F7 /* FirebaseCore.framework in Frameworks */,
				018ED870216CE8F9000197F7 /* FirebaseMessaging.framework in Frameworks */,
				01104E44215A55B700BDC867 /* AVFoundation.framework in Frameworks */,
				C0C01EBA1E39120F0056E6CB /* libGCMVP.a in Frameworks */,
			);
			runOnlyForDeploymentPostprocessing = 0;
		};
		D2AAC07C0554694100DB518D /* Frameworks */ = {
			isa = PBXFrameworksBuildPhase;
			buildActionMask = 2147483647;
			files = (
				018ED866216CE374000197F7 /* GoogleToolboxForMac.framework in Frameworks */,
				018ED857216CE374000197F7 /* Protobuf.framework in Frameworks */,
				018ED85D216CE374000197F7 /* MeasurementNanoPB.framework in Frameworks */,
				018ED860216CE374000197F7 /* FirebaseAnalytics.framework in Frameworks */,
				018ED859216CE374000197F7 /* Crashlytics.framework in Frameworks */,
				018ED85A216CE374000197F7 /* GoogleAppMeasurement.framework in Frameworks */,
				018ED85E216CE374000197F7 /* FirebaseCore.framework in Frameworks */,
				018ED864216CE374000197F7 /* FirebaseMessaging.framework in Frameworks */,
				018ED863216CE374000197F7 /* FirebaseAuth.framework in Frameworks */,
				018ED86A216CE374000197F7 /* FirebaseABTesting.framework in Frameworks */,
				018ED85F216CE374000197F7 /* FirebaseRemoteConfig.framework in Frameworks */,
				018ED867216CE374000197F7 /* nanopb.framework in Frameworks */,
				018ED86C216CE374000197F7 /* FirebaseInstanceID.framework in Frameworks */,
				018ED869216CE374000197F7 /* FirebasePerformance.framework in Frameworks */,
				018ED858216CE374000197F7 /* Fabric.framework in Frameworks */,
				018ED86D216CE374000197F7 /* FirebaseCoreDiagnostics.framework in Frameworks */,
				018ED862216CE374000197F7 /* GoogleUtilities.framework in Frameworks */,
				018ED85C216CE374000197F7 /* GTMSessionFetcher.framework in Frameworks */,
			);
			runOnlyForDeploymentPostprocessing = 0;
		};
/* End PBXFrameworksBuildPhase section */

/* Begin PBXGroup section */
		0109D85B21679F5D0088D525 /* cordova-plugin-close */ = {
			isa = PBXGroup;
			children = (
				0109D85C21679F5D0088D525 /* CDVClose.h */,
				0109D85D21679F5D0088D525 /* CDVClose.m */,
			);
			path = "cordova-plugin-close";
			sourceTree = "<group>";
		};
		01104E3D215A511C00BDC867 /* cordova-plugin-camera-capture */ = {
			isa = PBXGroup;
			children = (
				01104E3E215A511C00BDC867 /* CDVCameraCapture.h */,
				01104E3F215A511C00BDC867 /* CDVCameraCapture.m */,
			);
			path = "cordova-plugin-camera-capture";
			sourceTree = "<group>";
		};
		01104E42215A55B700BDC867 /* Frameworks */ = {
			isa = PBXGroup;
			children = (
				01F6CEEF216CBB0600E15129 /* FirebaseInstanceID.framework */,
				01F6CEED216CBAC600E15129 /* FirebaseMessaging.framework */,
				01F6CEEB216CB8F400E15129 /* FirebaseCore.framework */,
				01104E43215A55B700BDC867 /* AVFoundation.framework */,
			);
			name = Frameworks;
			sourceTree = "<group>";
		};
		018ED83F216CE374000197F7 /* cordova-plugin-firebase */ = {
			isa = PBXGroup;
			children = (
				018ED840216CE374000197F7 /* Protobuf.framework */,
				018ED841216CE374000197F7 /* Fabric.framework */,
				018ED842216CE374000197F7 /* Crashlytics.framework */,
				018ED843216CE374000197F7 /* GoogleAppMeasurement.framework */,
				018ED844216CE374000197F7 /* AppDelegate+FirebasePlugin.m */,
				018ED845216CE374000197F7 /* GTMSessionFetcher.framework */,
				018ED846216CE374000197F7 /* MeasurementNanoPB.framework */,
				018ED847216CE374000197F7 /* FirebaseCore.framework */,
				018ED848216CE374000197F7 /* FirebaseRemoteConfig.framework */,
				018ED849216CE374000197F7 /* FirebaseAnalytics.framework */,
				018ED84A216CE374000197F7 /* Firebase.h */,
				018ED84B216CE374000197F7 /* GoogleUtilities.framework */,
				018ED84C216CE374000197F7 /* FirebaseAuth.framework */,
				018ED84D216CE374000197F7 /* FirebaseMessaging.framework */,
				018ED84E216CE374000197F7 /* FirebasePlugin.h */,
				018ED84F216CE374000197F7 /* GoogleToolboxForMac.framework */,
				018ED850216CE374000197F7 /* nanopb.framework */,
				018ED851216CE374000197F7 /* AppDelegate+FirebasePlugin.h */,
				018ED852216CE374000197F7 /* FirebasePerformance.framework */,
				018ED853216CE374000197F7 /* FirebaseABTesting.framework */,
				018ED854216CE374000197F7 /* FirebasePlugin.m */,
				018ED855216CE374000197F7 /* FirebaseInstanceID.framework */,
				018ED856216CE374000197F7 /* FirebaseCoreDiagnostics.framework */,
			);
			path = "cordova-plugin-firebase";
			sourceTree = "<group>";
		};
		01C2C9B121DB8B9700AE96B2 /* cordova-plugin-camera-preview */ = {
			isa = PBXGroup;
			children = (
				01C2C9B221DB8B9700AE96B2 /* CameraSessionManager.m */,
				01C2C9B321DB8B9700AE96B2 /* CameraRenderController.m */,
				01C2C9B421DB8B9700AE96B2 /* TemperatureAndTint.m */,
				01C2C9B521DB8B9700AE96B2 /* CameraPreview.h */,
				01C2C9B621DB8B9700AE96B2 /* CameraSessionManager.h */,
				01C2C9B721DB8B9700AE96B2 /* TemperatureAndTint.h */,
				01C2C9B821DB8B9700AE96B2 /* CameraRenderController.h */,
				01C2C9B921DB8B9700AE96B2 /* CameraPreview.m */,
			);
			path = "cordova-plugin-camera-preview";
			sourceTree = "<group>";
		};
		01E97A371FB46B0F002282F8 /* cordova-plugin-vibration */ = {
			isa = PBXGroup;
			children = (
				01E97A381FB46B0F002282F8 /* CDVVibration.h */,
				01E97A391FB46B0F002282F8 /* CDVVibration.m */,
			);
			path = "cordova-plugin-vibration";
			sourceTree = "<group>";
		};
		01E97A3A1FB46B0F002282F8 /* cordova-plugin-audioinput */ = {
			isa = PBXGroup;
			children = (
				01E97A3B1FB46B0F002282F8 /* AudioReceiver.h */,
				01E97A3C1FB46B0F002282F8 /* AudioReceiver.m */,
				01E97A3D1FB46B0F002282F8 /* CDVAudioInputCapture.m */,
			);
			path = "cordova-plugin-audioinput";
			sourceTree = "<group>";
		};
		01E97A3E1FB46B0F002282F8 /* cordova-plugin-flashlight */ = {
			isa = PBXGroup;
			children = (
				01E97A3F1FB46B0F002282F8 /* Flashlight.h */,
				01E97A401FB46B0F002282F8 /* Flashlight.m */,
			);
			path = "cordova-plugin-flashlight";
			sourceTree = "<group>";
		};
		01E97A411FB46B0F002282F8 /* cordova-plugin-inappbrowser */ = {
			isa = PBXGroup;
			children = (
				01E97A421FB46B0F002282F8 /* CDVInAppBrowser.h */,
				01E97A431FB46B0F002282F8 /* CDVInAppBrowser.m */,
			);
			path = "cordova-plugin-inappbrowser";
			sourceTree = "<group>";
		};
		01E97A441FB46B10002282F8 /* cordova-plugin-insomnia */ = {
			isa = PBXGroup;
			children = (
				01E97A451FB46B10002282F8 /* Insomnia.h */,
				01E97A461FB46B10002282F8 /* Insomnia.m */,
			);
			path = "cordova-plugin-insomnia";
			sourceTree = "<group>";
		};
		01E97A471FB46B10002282F8 /* cordova-plugin-dialogs */ = {
			isa = PBXGroup;
			children = (
				01E97A481FB46B10002282F8 /* CDVNotification.h */,
				01E97A491FB46B10002282F8 /* CDVNotification.m */,
			);
			path = "cordova-plugin-dialogs";
			sourceTree = "<group>";
		};
		01E97A4A1FB46B10002282F8 /* cordova-plugin-remote-injection */ = {
			isa = PBXGroup;
			children = (
				01E97A4B1FB46B10002282F8 /* CDVRemoteInjection.h */,
				01E97A4C1FB46B10002282F8 /* CDVRemoteInjection.m */,
				01E97A4D1FB46B10002282F8 /* CDVRemoteInjectionUIWebViewDelegate.h */,
				01E97A4E1FB46B10002282F8 /* CDVRemoteInjectionUIWebViewDelegate.m */,
				01E97A4F1FB46B10002282F8 /* CDVRemoteInjectionWebViewBaseDelegate.h */,
				01E97A501FB46B10002282F8 /* CDVRemoteInjectionWebViewBaseDelegate.m */,
				01E97A511FB46B10002282F8 /* CDVRemoteInjectionWKWebViewDelegate.h */,
				01E97A521FB46B10002282F8 /* CDVRemoteInjectionWKWebViewDelegate.m */,
			);
			path = "cordova-plugin-remote-injection";
			sourceTree = "<group>";
		};
		01F1D7032126E89100133DE1 /* cordova-plugin-file */ = {
			isa = PBXGroup;
			children = (
				01F1D7092126E8A700133DE1 /* CDVAssetLibraryFilesystem.h */,
				01F1D7072126E8A700133DE1 /* CDVAssetLibraryFilesystem.m */,
				01F1D7082126E8A700133DE1 /* CDVFile.h */,
				01F1D7062126E8A700133DE1 /* CDVFile.m */,
				01F1D7042126E8A700133DE1 /* CDVLocalFilesystem.h */,
				01F1D7052126E8A700133DE1 /* CDVLocalFilesystem.m */,
			);
			path = "cordova-plugin-file";
			sourceTree = "<group>";
		};
		01F1D7102126E98400133DE1 /* cordova-plugin-media-capture */ = {
			isa = PBXGroup;
			children = (
				01F1D7112126E99E00133DE1 /* CDVCapture.h */,
				01F1D7122126E99E00133DE1 /* CDVCapture.m */,
			);
			path = "cordova-plugin-media-capture";
			sourceTree = "<group>";
		};
		01F1D7152126E9CB00133DE1 /* cordova-plugin-x-socialsharing */ = {
			isa = PBXGroup;
			children = (
				01F1D7172126E9DD00133DE1 /* NSString+SSURLEncoding.h */,
				01F1D7162126E9DD00133DE1 /* NSString+SSURLEncoding.m */,
				01F1D7182126E9DD00133DE1 /* SocialSharing.h */,
				01F1D7192126E9DD00133DE1 /* SocialSharing.m */,
			);
			path = "cordova-plugin-x-socialsharing";
			sourceTree = "<group>";
		};
		01FE05122189FD2700CBFE12 /* cordova-plugin-geolocation */ = {
			isa = PBXGroup;
			children = (
				01FE05132189FD2700CBFE12 /* CDVLocation.h */,
				01FE05142189FD2700CBFE12 /* CDVLocation.m */,
			);
			path = "cordova-plugin-geolocation";
			sourceTree = "<group>";
		};
		034768DFFF38A50411DB9C8B /* Products */ = {
			isa = PBXGroup;
			children = (
				68A32D7114102E1C006B237C /* libGCMVP.a */,
				C0C01EB21E3911D50056E6CB /* GCMVP.framework */,
			);
			name = Products;
			sourceTree = CORDOVALIB;
		};
		0867D691FE84028FC02AAC07 /* GCMVPLib */ = {
			isa = PBXGroup;
			children = (
				7ED95D0E1AB9029B008C4574 /* Public */,
				7ED95CF11AB9028C008C4574 /* Private */,
				C0C01EB31E3911D50056E6CB /* GCMVP */,
				034768DFFF38A50411DB9C8B /* Products */,
				30325A0B136B343700982B63 /* VERSION */,
				01104E42215A55B700BDC867 /* Frameworks */,
			);
			name = GCMVPLib;
			sourceTree = "<group>";
		};
		28BFF9111F355A1D00DDF01A /* CDVLogger */ = {
			isa = PBXGroup;
			children = (
				28BFF9121F355A4E00DDF01A /* CDVLogger.h */,
				28BFF9131F355A4E00DDF01A /* CDVLogger.m */,
			);
			path = CDVLogger;
			sourceTree = "<group>";
		};
		3093E2201B16D6A3003F381A /* CDVIntentAndNavigationFilter */ = {
			isa = PBXGroup;
			children = (
				3093E2211B16D6A3003F381A /* CDVIntentAndNavigationFilter.h */,
				3093E2221B16D6A3003F381A /* CDVIntentAndNavigationFilter.m */,
			);
			path = CDVIntentAndNavigationFilter;
			sourceTree = "<group>";
		};
		7ED95CF11AB9028C008C4574 /* Private */ = {
			isa = PBXGroup;
			children = (
				AA747D9E0F9514B9006C5449 /* GCMVPLib_Prefix.pch */,
				7ED95CF21AB9028C008C4574 /* CDVDebug.h */,
				7ED95CF31AB9028C008C4574 /* CDVJSON_private.h */,
				7ED95CF61AB9028C008C4574 /* Plugins */,
				7ED95CF41AB9028C008C4574 /* CDVJSON_private.m */,
				7ED95CF51AB9028C008C4574 /* CDVPlugin+Private.h */,
			);
			name = Private;
			path = Classes/Private;
			sourceTree = "<group>";
		};
		7ED95CF61AB9028C008C4574 /* Plugins */ = {
			isa = PBXGroup;
			children = (
				01C2C9B121DB8B9700AE96B2 /* cordova-plugin-camera-preview */,
				01FE05122189FD2700CBFE12 /* cordova-plugin-geolocation */,
				018ED83F216CE374000197F7 /* cordova-plugin-firebase */,
				0109D85B21679F5D0088D525 /* cordova-plugin-close */,
				01104E3D215A511C00BDC867 /* cordova-plugin-camera-capture */,
				01F1D7152126E9CB00133DE1 /* cordova-plugin-x-socialsharing */,
				01F1D7102126E98400133DE1 /* cordova-plugin-media-capture */,
				01F1D7032126E89100133DE1 /* cordova-plugin-file */,
				01E97A3A1FB46B0F002282F8 /* cordova-plugin-audioinput */,
				01E97A471FB46B10002282F8 /* cordova-plugin-dialogs */,
				01E97A3E1FB46B0F002282F8 /* cordova-plugin-flashlight */,
				01E97A411FB46B0F002282F8 /* cordova-plugin-inappbrowser */,
				01E97A441FB46B10002282F8 /* cordova-plugin-insomnia */,
				01E97A4A1FB46B10002282F8 /* cordova-plugin-remote-injection */,
				01E97A371FB46B0F002282F8 /* cordova-plugin-vibration */,
				28BFF9111F355A1D00DDF01A /* CDVLogger */,
				A3B082D11BB15CEA00D8DC35 /* CDVGestureHandler */,
				3093E2201B16D6A3003F381A /* CDVIntentAndNavigationFilter */,
				7ED95CF71AB9028C008C4574 /* CDVHandleOpenURL */,
				7ED95CFA1AB9028C008C4574 /* CDVLocalStorage */,
				7ED95CFD1AB9028C008C4574 /* CDVUIWebViewEngine */,
			);
			path = Plugins;
			sourceTree = "<group>";
		};
		7ED95CF71AB9028C008C4574 /* CDVHandleOpenURL */ = {
			isa = PBXGroup;
			children = (
				7ED95CF81AB9028C008C4574 /* CDVHandleOpenURL.h */,
				7ED95CF91AB9028C008C4574 /* CDVHandleOpenURL.m */,
			);
			path = CDVHandleOpenURL;
			sourceTree = "<group>";
		};
		7ED95CFA1AB9028C008C4574 /* CDVLocalStorage */ = {
			isa = PBXGroup;
			children = (
				7ED95CFB1AB9028C008C4574 /* CDVLocalStorage.h */,
				7ED95CFC1AB9028C008C4574 /* CDVLocalStorage.m */,
			);
			path = CDVLocalStorage;
			sourceTree = "<group>";
		};
		7ED95CFD1AB9028C008C4574 /* CDVUIWebViewEngine */ = {
			isa = PBXGroup;
			children = (
				30193A4E1AE6350A0069A75F /* CDVUIWebViewNavigationDelegate.m */,
				30193A4F1AE6350A0069A75F /* CDVUIWebViewNavigationDelegate.h */,
				7ED95CFE1AB9028C008C4574 /* CDVUIWebViewDelegate.h */,
				7ED95CFF1AB9028C008C4574 /* CDVUIWebViewDelegate.m */,
				7ED95D001AB9028C008C4574 /* CDVUIWebViewEngine.h */,
				7ED95D011AB9028C008C4574 /* CDVUIWebViewEngine.m */,
			);
			path = CDVUIWebViewEngine;
			sourceTree = "<group>";
		};
		7ED95D0E1AB9029B008C4574 /* Public */ = {
			isa = PBXGroup;
			children = (
				7ED95D0F1AB9029B008C4574 /* CDV.h */,
				7ED95D101AB9029B008C4574 /* GCMVPAppDelegate.h */,
				7ED95D111AB9029B008C4574 /* GCMVPAppDelegate.m */,
				7ED95D121AB9029B008C4574 /* CDVAvailability.h */,
				7ED95D131AB9029B008C4574 /* CDVAvailabilityDeprecated.h */,
				7ED95D141AB9029B008C4574 /* CDVCommandDelegate.h */,
				7ED95D151AB9029B008C4574 /* CDVCommandDelegateImpl.h */,
				7ED95D161AB9029B008C4574 /* CDVCommandDelegateImpl.m */,
				7ED95D171AB9029B008C4574 /* CDVCommandQueue.h */,
				7ED95D181AB9029B008C4574 /* CDVCommandQueue.m */,
				7ED95D191AB9029B008C4574 /* CDVConfigParser.h */,
				7ED95D1A1AB9029B008C4574 /* CDVConfigParser.m */,
				7ED95D1B1AB9029B008C4574 /* CDVInvokedUrlCommand.h */,
				7ED95D1C1AB9029B008C4574 /* CDVInvokedUrlCommand.m */,
				7ED95D1D1AB9029B008C4574 /* CDVPlugin+Resources.h */,
				7ED95D1E1AB9029B008C4574 /* CDVPlugin+Resources.m */,
				7ED95D1F1AB9029B008C4574 /* CDVPlugin.h */,
				7ED95D201AB9029B008C4574 /* CDVPlugin.m */,
				7ED95D211AB9029B008C4574 /* CDVPluginResult.h */,
				7ED95D221AB9029B008C4574 /* CDVPluginResult.m */,
				7ED95D231AB9029B008C4574 /* CDVScreenOrientationDelegate.h */,
				7ED95D241AB9029B008C4574 /* CDVTimer.h */,
				7ED95D251AB9029B008C4574 /* CDVTimer.m */,
				7ED95D261AB9029B008C4574 /* CDVURLProtocol.h */,
				7ED95D271AB9029B008C4574 /* CDVURLProtocol.m */,
				7ED95D281AB9029B008C4574 /* CDVUserAgentUtil.h */,
				7ED95D291AB9029B008C4574 /* CDVUserAgentUtil.m */,
				7ED95D2A1AB9029B008C4574 /* GCMVPViewController.h */,
				7ED95D2B1AB9029B008C4574 /* GCMVPViewController.m */,
				7ED95D2C1AB9029B008C4574 /* CDVWebViewEngineProtocol.h */,
				7ED95D2D1AB9029B008C4574 /* CDVWhitelist.h */,
				7ED95D2E1AB9029B008C4574 /* CDVWhitelist.m */,
				7ED95D311AB9029B008C4574 /* NSDictionary+CordovaPreferences.h */,
				7ED95D321AB9029B008C4574 /* NSDictionary+CordovaPreferences.m */,
				7ED95D331AB9029B008C4574 /* NSMutableArray+QueueAdditions.h */,
				7ED95D341AB9029B008C4574 /* NSMutableArray+QueueAdditions.m */,
			);
			name = Public;
			path = Classes/Public;
			sourceTree = "<group>";
		};
		A3B082D11BB15CEA00D8DC35 /* CDVGestureHandler */ = {
			isa = PBXGroup;
			children = (
				A3B082D21BB15CEA00D8DC35 /* CDVGestureHandler.h */,
				A3B082D31BB15CEA00D8DC35 /* CDVGestureHandler.m */,
			);
			path = CDVGestureHandler;
			sourceTree = "<group>";
		};
		C0C01EB31E3911D50056E6CB /* GCMVP */ = {
			isa = PBXGroup;
			children = (
				01E97A191FB46060002282F8 /* www */,
				01E9799D1FB45156002282F8 /* config.xml */,
				C0C01EB41E3911D50056E6CB /* GCMVP.h */,
				C0C01EB51E3911D50056E6CB /* Info.plist */,
			);
			path = GCMVP;
			sourceTree = "<group>";
		};
/* End PBXGroup section */

/* Begin PBXHeadersBuildPhase section */
		C0C01EAF1E3911D50056E6CB /* Headers */ = {
			isa = PBXHeadersBuildPhase;
			buildActionMask = 2147483647;
			files = (
				C0C01EC11E39131A0056E6CB /* CDVCommandQueue.h in Headers */,
				01F1D70A2126E8A700133DE1 /* CDVLocalFilesystem.h in Headers */,
				C0C01EC51E39131A0056E6CB /* CDVPlugin.h in Headers */,
				01E97A601FB46B10002282F8 /* CDVRemoteInjection.h in Headers */,
				01E97A621FB46B10002282F8 /* CDVRemoteInjectionUIWebViewDelegate.h in Headers */,
				C0C01ECF1E39131A0056E6CB /* NSMutableArray+QueueAdditions.h in Headers */,
				C0C01EC21E39131A0056E6CB /* CDVConfigParser.h in Headers */,
				01E97A661FB46B10002282F8 /* CDVRemoteInjectionWKWebViewDelegate.h in Headers */,
				C0C01EC81E39131A0056E6CB /* CDVTimer.h in Headers */,
				01F1D70E2126E8A700133DE1 /* CDVFile.h in Headers */,
				C0C01EBB1E39131A0056E6CB /* CDV.h in Headers */,
				C0C01ECE1E39131A0056E6CB /* NSDictionary+CordovaPreferences.h in Headers */,
				C0C01EB61E3911D50056E6CB /* GCMVP.h in Headers */,
				C0C01EC41E39131A0056E6CB /* CDVPlugin+Resources.h in Headers */,
				C0C01EBE1E39131A0056E6CB /* CDVAvailabilityDeprecated.h in Headers */,
				01E97A551FB46B10002282F8 /* AudioReceiver.h in Headers */,
				01E97A5A1FB46B10002282F8 /* CDVInAppBrowser.h in Headers */,
				C0C01EC91E39131A0056E6CB /* CDVURLProtocol.h in Headers */,
				C0C01EBF1E39131A0056E6CB /* CDVCommandDelegate.h in Headers */,
				01E97A5E1FB46B10002282F8 /* CDVNotification.h in Headers */,
				C0C01ECD1E39131A0056E6CB /* CDVWhitelist.h in Headers */,
				C0C01ED01E3913610056E6CB /* CDVUIWebViewDelegate.h in Headers */,
				C0C01ECA1E39131A0056E6CB /* CDVUserAgentUtil.h in Headers */,
				01E97A581FB46B10002282F8 /* Flashlight.h in Headers */,
				01F1D7132126E99E00133DE1 /* CDVCapture.h in Headers */,
				01E97A5C1FB46B10002282F8 /* Insomnia.h in Headers */,
				C0C01EBC1E39131A0056E6CB /* GCMVPAppDelegate.h in Headers */,
				C0C01EBD1E39131A0056E6CB /* CDVAvailability.h in Headers */,
				01E97A641FB46B10002282F8 /* CDVRemoteInjectionWebViewBaseDelegate.h in Headers */,
				01F1D71C2126E9DD00133DE1 /* SocialSharing.h in Headers */,
				C0C01ECB1E39131A0056E6CB /* GCMVPViewController.h in Headers */,
				C0C01ECC1E39131A0056E6CB /* CDVWebViewEngineProtocol.h in Headers */,
				01F1D71B2126E9DD00133DE1 /* NSString+SSURLEncoding.h in Headers */,
				C0C01EC01E39131A0056E6CB /* CDVCommandDelegateImpl.h in Headers */,
				C0C01EC31E39131A0056E6CB /* CDVInvokedUrlCommand.h in Headers */,
				01F1D70F2126E8A700133DE1 /* CDVAssetLibraryFilesystem.h in Headers */,
				C0C01EC71E39131A0056E6CB /* CDVScreenOrientationDelegate.h in Headers */,
				C0C01EC61E39131A0056E6CB /* CDVPluginResult.h in Headers */,
				01E97A531FB46B10002282F8 /* CDVVibration.h in Headers */,
			);
			runOnlyForDeploymentPostprocessing = 0;
		};
		D2AAC07A0554694100DB518D /* Headers */ = {
			isa = PBXHeadersBuildPhase;
			buildActionMask = 2147483647;
			files = (
				7ED95D521AB9029B008C4574 /* CDVWebViewEngineProtocol.h in Headers */,
				7ED95D491AB9029B008C4574 /* CDVScreenOrientationDelegate.h in Headers */,
				018ED865216CE374000197F7 /* FirebasePlugin.h in Headers */,
				7ED95D351AB9029B008C4574 /* CDV.h in Headers */,
				A3B082D41BB15CEA00D8DC35 /* CDVGestureHandler.h in Headers */,
				7ED95D3B1AB9029B008C4574 /* CDVCommandDelegateImpl.h in Headers */,
				7ED95D3D1AB9029B008C4574 /* CDVCommandQueue.h in Headers */,
				01FE05152189FD2700CBFE12 /* CDVLocation.h in Headers */,
				7ED95D531AB9029B008C4574 /* CDVWhitelist.h in Headers */,
				7ED95D361AB9029B008C4574 /* GCMVPAppDelegate.h in Headers */,
				01C2C9BF21DB8B9700AE96B2 /* TemperatureAndTint.h in Headers */,
				7ED95D431AB9029B008C4574 /* CDVPlugin+Resources.h in Headers */,
				7ED95D381AB9029B008C4574 /* CDVAvailability.h in Headers */,
				7ED95D0A1AB9028C008C4574 /* CDVUIWebViewDelegate.h in Headers */,
				7ED95D471AB9029B008C4574 /* CDVPluginResult.h in Headers */,
				7ED95D591AB9029B008C4574 /* NSMutableArray+QueueAdditions.h in Headers */,
				7ED95D411AB9029B008C4574 /* CDVInvokedUrlCommand.h in Headers */,
				7ED95D571AB9029B008C4574 /* NSDictionary+CordovaPreferences.h in Headers */,
				7ED95D451AB9029B008C4574 /* CDVPlugin.h in Headers */,
				7ED95D4C1AB9029B008C4574 /* CDVURLProtocol.h in Headers */,
				01104E40215A511C00BDC867 /* CDVCameraCapture.h in Headers */,
				7ED95D3A1AB9029B008C4574 /* CDVCommandDelegate.h in Headers */,
				7ED95D391AB9029B008C4574 /* CDVAvailabilityDeprecated.h in Headers */,
				7ED95D4E1AB9029B008C4574 /* CDVUserAgentUtil.h in Headers */,
				7ED95D4A1AB9029B008C4574 /* CDVTimer.h in Headers */,
				7ED95D3F1AB9029B008C4574 /* CDVConfigParser.h in Headers */,
				7ED95D501AB9029B008C4574 /* GCMVPViewController.h in Headers */,
				7ED95D031AB9028C008C4574 /* CDVJSON_private.h in Headers */,
				018ED861216CE374000197F7 /* Firebase.h in Headers */,
				01C2C9BD21DB8B9700AE96B2 /* CameraPreview.h in Headers */,
				018ED868216CE374000197F7 /* AppDelegate+FirebasePlugin.h in Headers */,
				7ED95D021AB9028C008C4574 /* CDVDebug.h in Headers */,
				7ED95D051AB9028C008C4574 /* CDVPlugin+Private.h in Headers */,
				7E7F69B61ABA35D8007546F4 /* CDVLocalStorage.h in Headers */,
				3093E2231B16D6A3003F381A /* CDVIntentAndNavigationFilter.h in Headers */,
				7E7F69B81ABA368F007546F4 /* CDVUIWebViewEngine.h in Headers */,
				7E7F69B91ABA3692007546F4 /* CDVHandleOpenURL.h in Headers */,
				01C2C9C021DB8B9700AE96B2 /* CameraRenderController.h in Headers */,
				01C2C9BE21DB8B9700AE96B2 /* CameraSessionManager.h in Headers */,
				0109D85E21679F5E0088D525 /* CDVClose.h in Headers */,
				28BFF9141F355A4E00DDF01A /* CDVLogger.h in Headers */,
				30193A511AE6350A0069A75F /* CDVUIWebViewNavigationDelegate.h in Headers */,
			);
			runOnlyForDeploymentPostprocessing = 0;
		};
/* End PBXHeadersBuildPhase section */

/* Begin PBXNativeTarget section */
		C0C01EB11E3911D50056E6CB /* GCMVP */ = {
			isa = PBXNativeTarget;
			buildConfigurationList = C0C01EB91E3911D50056E6CB /* Build configuration list for PBXNativeTarget "GCMVP" */;
			buildPhases = (
				C0C01EAD1E3911D50056E6CB /* Sources */,
				C0C01EAE1E3911D50056E6CB /* Frameworks */,
				C0C01EAF1E3911D50056E6CB /* Headers */,
				C0C01EB01E3911D50056E6CB /* Resources */,
				014DCCD1214FC5A800595733 /* CopyFiles */,
			);
			buildRules = (
			);
			dependencies = (
				C0C01ED21E39137C0056E6CB /* PBXTargetDependency */,
			);
			name = GCMVP;
			productName = GCMVP;
			productReference = C0C01EB21E3911D50056E6CB /* GCMVP.framework */;
			productType = "com.apple.product-type.framework";
		};
		D2AAC07D0554694100DB518D /* GCMVPLib */ = {
			isa = PBXNativeTarget;
			buildConfigurationList = 1DEB921E08733DC00010E9CD /* Build configuration list for PBXNativeTarget "GCMVPLib" */;
			buildPhases = (
				D2AAC07A0554694100DB518D /* Headers */,
				D2AAC07B0554694100DB518D /* Sources */,
				D2AAC07C0554694100DB518D /* Frameworks */,
			);
			buildRules = (
			);
			dependencies = (
			);
			name = GCMVPLib;
			productName = GCMVPLib;
			productReference = 68A32D7114102E1C006B237C /* libGCMVP.a */;
			productType = "com.apple.product-type.library.static";
		};
/* End PBXNativeTarget section */

/* Begin PBXProject section */
		0867D690FE84028FC02AAC07 /* Project object */ = {
			isa = PBXProject;
			attributes = {
				LastUpgradeCheck = 0720;
				TargetAttributes = {
					C0C01EB11E3911D50056E6CB = {
						CreatedOnToolsVersion = 8.2;
						ProvisioningStyle = Automatic;
					};
				};
			};
			buildConfigurationList = 1DEB922208733DC00010E9CD /* Build configuration list for PBXProject "GCMVPLib" */;
			compatibilityVersion = "Xcode 3.2";
			developmentRegion = English;
			hasScannedForEncodings = 1;
			knownRegions = (
				English,
				Japanese,
				French,
				German,
				en,
			);
			mainGroup = 0867D691FE84028FC02AAC07 /* GCMVPLib */;
			productRefGroup = 034768DFFF38A50411DB9C8B /* Products */;
			projectDirPath = "";
			projectRoot = "";
			targets = (
				D2AAC07D0554694100DB518D /* GCMVPLib */,
				C0C01EB11E3911D50056E6CB /* GCMVP */,
			);
		};
/* End PBXProject section */

/* Begin PBXResourcesBuildPhase section */
		C0C01EB01E3911D50056E6CB /* Resources */ = {
			isa = PBXResourcesBuildPhase;
			buildActionMask = 2147483647;
			files = (
				01E97A1A1FB46060002282F8 /* www in Resources */,
				01E9799E1FB45156002282F8 /* config.xml in Resources */,
			);
			runOnlyForDeploymentPostprocessing = 0;
		};
/* End PBXResourcesBuildPhase section */

/* Begin PBXSourcesBuildPhase section */
		C0C01EAD1E3911D50056E6CB /* Sources */ = {
			isa = PBXSourcesBuildPhase;
			buildActionMask = 2147483647;
			files = (
				01E97A5B1FB46B10002282F8 /* CDVInAppBrowser.m in Sources */,
				01E97A651FB46B10002282F8 /* CDVRemoteInjectionWebViewBaseDelegate.m in Sources */,
				01E97A571FB46B10002282F8 /* CDVAudioInputCapture.m in Sources */,
				01E97A591FB46B10002282F8 /* Flashlight.m in Sources */,
				01E97A611FB46B10002282F8 /* CDVRemoteInjection.m in Sources */,
				01F1D70D2126E8A700133DE1 /* CDVAssetLibraryFilesystem.m in Sources */,
				01F1D71A2126E9DD00133DE1 /* NSString+SSURLEncoding.m in Sources */,
				01F1D71D2126E9DD00133DE1 /* SocialSharing.m in Sources */,
				01F1D70C2126E8A700133DE1 /* CDVFile.m in Sources */,
				01E97A5D1FB46B10002282F8 /* Insomnia.m in Sources */,
				01E97A671FB46B10002282F8 /* CDVRemoteInjectionWKWebViewDelegate.m in Sources */,
				01E97A5F1FB46B10002282F8 /* CDVNotification.m in Sources */,
				01F1D70B2126E8A700133DE1 /* CDVLocalFilesystem.m in Sources */,
				01E97A631FB46B10002282F8 /* CDVRemoteInjectionUIWebViewDelegate.m in Sources */,
				01F1D7142126E99E00133DE1 /* CDVCapture.m in Sources */,
				01E97A541FB46B10002282F8 /* CDVVibration.m in Sources */,
				01E97A561FB46B10002282F8 /* AudioReceiver.m in Sources */,
			);
			runOnlyForDeploymentPostprocessing = 0;
		};
		D2AAC07B0554694100DB518D /* Sources */ = {
			isa = PBXSourcesBuildPhase;
			buildActionMask = 2147483647;
			files = (
				7ED95D511AB9029B008C4574 /* GCMVPViewController.m in Sources */,
				7ED95D581AB9029B008C4574 /* NSDictionary+CordovaPreferences.m in Sources */,
				7ED95D371AB9029B008C4574 /* GCMVPAppDelegate.m in Sources */,
				7ED95D0B1AB9028C008C4574 /* CDVUIWebViewDelegate.m in Sources */,
				7ED95D3C1AB9029B008C4574 /* CDVCommandDelegateImpl.m in Sources */,
				7ED95D041AB9028C008C4574 /* CDVJSON_private.m in Sources */,
				7ED95D541AB9029B008C4574 /* CDVWhitelist.m in Sources */,
				7ED95D421AB9029B008C4574 /* CDVInvokedUrlCommand.m in Sources */,
				7ED95D4B1AB9029B008C4574 /* CDVTimer.m in Sources */,
				7ED95D4F1AB9029B008C4574 /* CDVUserAgentUtil.m in Sources */,
				7ED95D401AB9029B008C4574 /* CDVConfigParser.m in Sources */,
				A3B082D51BB15CEA00D8DC35 /* CDVGestureHandler.m in Sources */,
				01104E41215A511C00BDC867 /* CDVCameraCapture.m in Sources */,
				01C2C9C121DB8B9700AE96B2 /* CameraPreview.m in Sources */,
				7ED95D071AB9028C008C4574 /* CDVHandleOpenURL.m in Sources */,
				30193A501AE6350A0069A75F /* CDVUIWebViewNavigationDelegate.m in Sources */,
				01C2C9BC21DB8B9700AE96B2 /* TemperatureAndTint.m in Sources */,
				018ED85B216CE374000197F7 /* AppDelegate+FirebasePlugin.m in Sources */,
				7ED95D5A1AB9029B008C4574 /* NSMutableArray+QueueAdditions.m in Sources */,
				7ED95D3E1AB9029B008C4574 /* CDVCommandQueue.m in Sources */,
				7ED95D481AB9029B008C4574 /* CDVPluginResult.m in Sources */,
				018ED86B216CE374000197F7 /* FirebasePlugin.m in Sources */,
				0109D85F21679F5E0088D525 /* CDVClose.m in Sources */,
				01C2C9BA21DB8B9700AE96B2 /* CameraSessionManager.m in Sources */,
				7ED95D441AB9029B008C4574 /* CDVPlugin+Resources.m in Sources */,
				7ED95D4D1AB9029B008C4574 /* CDVURLProtocol.m in Sources */,
				28BFF9151F355A4E00DDF01A /* CDVLogger.m in Sources */,
				01C2C9BB21DB8B9700AE96B2 /* CameraRenderController.m in Sources */,
				7ED95D0D1AB9028C008C4574 /* CDVUIWebViewEngine.m in Sources */,
				7ED95D461AB9029B008C4574 /* CDVPlugin.m in Sources */,
				7ED95D091AB9028C008C4574 /* CDVLocalStorage.m in Sources */,
				3093E2241B16D6A3003F381A /* CDVIntentAndNavigationFilter.m in Sources */,
				01FE05162189FD2700CBFE12 /* CDVLocation.m in Sources */,
			);
			runOnlyForDeploymentPostprocessing = 0;
		};
/* End PBXSourcesBuildPhase section */

/* Begin PBXTargetDependency section */
		C0C01ED21E39137C0056E6CB /* PBXTargetDependency */ = {
			isa = PBXTargetDependency;
			target = D2AAC07D0554694100DB518D /* GCMVPLib */;
			targetProxy = C0C01ED11E39137C0056E6CB /* PBXContainerItemProxy */;
		};
/* End PBXTargetDependency section */

/* Begin XCBuildConfiguration section */
		1DEB921F08733DC00010E9CD /* Debug */ = {
			isa = XCBuildConfiguration;
			buildSettings = {
				ALWAYS_SEARCH_USER_PATHS = NO;
				BITCODE_GENERATION_MODE = bitcode;
				CLANG_ENABLE_MODULES = YES;
				CLANG_ENABLE_OBJC_ARC = YES;
				COPY_PHASE_STRIP = NO;
				DSTROOT = "/tmp/$(PROJECT_NAME).dst";
				ENABLE_BITCODE = YES;
				FRAMEWORK_SEARCH_PATHS = (
					"$(inherited)",
					"$(PROJECT_DIR)/frameworks",
					"$(PROJECT_DIR)/Classes/Private/Plugins/cordova-plugin-firebase",
				);
				GCC_DYNAMIC_NO_PIC = NO;
				GCC_MODEL_TUNING = G5;
				GCC_OPTIMIZATION_LEVEL = 0;
				GCC_PRECOMPILE_PREFIX_HEADER = YES;
				GCC_PREFIX_HEADER = GCMVPLib_Prefix.pch;
				GCC_PREPROCESSOR_DEFINITIONS = "";
				GCC_THUMB_SUPPORT = NO;
				GCC_VERSION = "";
				INSTALL_PATH = /usr/local/lib;
				IPHONEOS_DEPLOYMENT_TARGET = 9.0;
				OTHER_CFLAGS = (
					"-DDEBUG",
					"-fembed-bitcode",
				);
				PRODUCT_NAME = GCMVP;
				PUBLIC_HEADERS_FOLDER_PATH = include/GCMVP;
				SKIP_INSTALL = YES;
			};
			name = Debug;
		};
		1DEB922008733DC00010E9CD /* Release */ = {
			isa = XCBuildConfiguration;
			buildSettings = {
				ALWAYS_SEARCH_USER_PATHS = NO;
				BITCODE_GENERATION_MODE = bitcode;
				CLANG_ENABLE_MODULES = YES;
				CLANG_ENABLE_OBJC_ARC = YES;
				DSTROOT = "/tmp/$(PROJECT_NAME).dst";
				ENABLE_BITCODE = YES;
				FRAMEWORK_SEARCH_PATHS = (
					"$(inherited)",
					"$(PROJECT_DIR)/frameworks",
					"$(PROJECT_DIR)/Classes/Private/Plugins/cordova-plugin-firebase",
				);
				GCC_MODEL_TUNING = G5;
				GCC_PRECOMPILE_PREFIX_HEADER = YES;
				GCC_PREFIX_HEADER = GCMVPLib_Prefix.pch;
				GCC_PREPROCESSOR_DEFINITIONS = "";
				GCC_THUMB_SUPPORT = NO;
				GCC_VERSION = "";
				INSTALL_PATH = /usr/local/lib;
				IPHONEOS_DEPLOYMENT_TARGET = 9.0;
				OTHER_CFLAGS = "-fembed-bitcode";
				PRODUCT_NAME = GCMVP;
				PUBLIC_HEADERS_FOLDER_PATH = include/GCMVP;
				SKIP_INSTALL = YES;
			};
			name = Release;
		};
		1DEB922308733DC00010E9CD /* Debug */ = {
			isa = XCBuildConfiguration;
			buildSettings = {
				CLANG_WARN_BOOL_CONVERSION = YES;
				CLANG_WARN_CONSTANT_CONVERSION = YES;
				CLANG_WARN_EMPTY_BODY = YES;
				CLANG_WARN_ENUM_CONVERSION = YES;
				CLANG_WARN_INT_CONVERSION = YES;
				CLANG_WARN__DUPLICATE_METHOD_MATCH = YES;
				ENABLE_TESTABILITY = NO;
				GCC_C_LANGUAGE_STANDARD = c99;
				GCC_OPTIMIZATION_LEVEL = 0;
				GCC_PREPROCESSOR_DEFINITIONS = "";
				GCC_THUMB_SUPPORT = NO;
				GCC_VERSION = "";
				GCC_WARN_ABOUT_RETURN_TYPE = YES;
				GCC_WARN_UNDECLARED_SELECTOR = YES;
				GCC_WARN_UNINITIALIZED_AUTOS = YES;
				GCC_WARN_UNUSED_FUNCTION = YES;
				GCC_WARN_UNUSED_VARIABLE = YES;
				IPHONEOS_DEPLOYMENT_TARGET = 9.0;
				ONLY_ACTIVE_ARCH = NO;
				OTHER_CFLAGS = "-DDEBUG";
				PUBLIC_HEADERS_FOLDER_PATH = include/GCMVP;
				SDKROOT = iphoneos;
				SKIP_INSTALL = YES;
				TARGETED_DEVICE_FAMILY = "1,2";
				USER_HEADER_SEARCH_PATHS = "";
			};
			name = Debug;
		};
		1DEB922408733DC00010E9CD /* Release */ = {
			isa = XCBuildConfiguration;
			buildSettings = {
				CLANG_WARN_BOOL_CONVERSION = YES;
				CLANG_WARN_CONSTANT_CONVERSION = YES;
				CLANG_WARN_EMPTY_BODY = YES;
				CLANG_WARN_ENUM_CONVERSION = YES;
				CLANG_WARN_INT_CONVERSION = YES;
				CLANG_WARN__DUPLICATE_METHOD_MATCH = YES;
				ENABLE_TESTABILITY = YES;
				GCC_C_LANGUAGE_STANDARD = c99;
				GCC_PREPROCESSOR_DEFINITIONS = "";
				GCC_THUMB_SUPPORT = NO;
				GCC_VERSION = "";
				GCC_WARN_ABOUT_RETURN_TYPE = YES;
				GCC_WARN_UNDECLARED_SELECTOR = YES;
				GCC_WARN_UNINITIALIZED_AUTOS = YES;
				GCC_WARN_UNUSED_FUNCTION = YES;
				GCC_WARN_UNUSED_VARIABLE = YES;
				IPHONEOS_DEPLOYMENT_TARGET = 9.0;
				ONLY_ACTIVE_ARCH = YES;
				PUBLIC_HEADERS_FOLDER_PATH = include/GCMVP;
				SDKROOT = iphoneos;
				SKIP_INSTALL = YES;
				TARGETED_DEVICE_FAMILY = "1,2";
			};
			name = Release;
		};
		C0C01EB71E3911D50056E6CB /* Debug */ = {
			isa = XCBuildConfiguration;
			buildSettings = {
				ALWAYS_SEARCH_USER_PATHS = NO;
				ARCHS = "$(ARCHS_STANDARD)";
				BITCODE_GENERATION_MODE = bitcode;
				CLANG_ANALYZER_NONNULL = YES;
				CLANG_CXX_LANGUAGE_STANDARD = "gnu++0x";
				CLANG_CXX_LIBRARY = "libc++";
				CLANG_ENABLE_MODULES = YES;
				CLANG_ENABLE_OBJC_ARC = YES;
				CLANG_WARN_DIRECT_OBJC_ISA_USAGE = YES_ERROR;
				CLANG_WARN_DOCUMENTATION_COMMENTS = YES;
				CLANG_WARN_INFINITE_RECURSION = YES;
				CLANG_WARN_OBJC_ROOT_CLASS = YES_ERROR;
				CLANG_WARN_SUSPICIOUS_MOVE = YES;
				CLANG_WARN_UNREACHABLE_CODE = YES;
				CODE_SIGN_IDENTITY = "";
				"CODE_SIGN_IDENTITY[sdk=iphoneos*]" = "iPhone Developer";
				COPY_PHASE_STRIP = NO;
				CURRENT_PROJECT_VERSION = 1;
				DEBUG_INFORMATION_FORMAT = dwarf;
				DEFINES_MODULE = YES;
				DYLIB_COMPATIBILITY_VERSION = 1;
				DYLIB_CURRENT_VERSION = 1;
				DYLIB_INSTALL_NAME_BASE = "@rpath";
				ENABLE_BITCODE = YES;
				ENABLE_STRICT_OBJC_MSGSEND = YES;
				FRAMEWORK_SEARCH_PATHS = (
					"$(inherited)",
					"$(PROJECT_DIR)/frameworks",
					"$(PROJECT_DIR)/Classes/Private/Plugins/cordova-plugin-firebase",
				);
				GCC_C_LANGUAGE_STANDARD = gnu99;
				GCC_DYNAMIC_NO_PIC = NO;
				GCC_NO_COMMON_BLOCKS = YES;
				GCC_PREPROCESSOR_DEFINITIONS = (
					"DEBUG=1",
					"$(inherited)",
				);
				GCC_WARN_64_TO_32_BIT_CONVERSION = YES;
				GCC_WARN_ABOUT_RETURN_TYPE = YES_ERROR;
				GCC_WARN_UNINITIALIZED_AUTOS = YES_AGGRESSIVE;
				HEADER_SEARCH_PATHS = "";
				INFOPLIST_FILE = GCMVP/Info.plist;
				INSTALL_PATH = "$(LOCAL_LIBRARY_DIR)/Frameworks";
				IPHONEOS_DEPLOYMENT_TARGET = 9.0;
				LD_RUNPATH_SEARCH_PATHS = "$(inherited) @executable_path/Frameworks @loader_path/Frameworks";
				MTL_ENABLE_DEBUG_INFO = YES;
				OTHER_CFLAGS = (
					"-DDEBUG",
					"-fembed-bitcode",
				);
				OTHER_LDFLAGS = "-all_load";
				PRODUCT_BUNDLE_IDENTIFIER = com.gamechanger.cordovawrapper;
				PRODUCT_NAME = "$(TARGET_NAME)";
				PUBLIC_HEADERS_FOLDER_PATH = "$(CONTENTS_FOLDER_PATH)/Headers";
				SKIP_INSTALL = NO;
				TARGETED_DEVICE_FAMILY = "1,2";
				VERSIONING_SYSTEM = "apple-generic";
				VERSION_INFO_PREFIX = "";
			};
			name = Debug;
		};
		C0C01EB81E3911D50056E6CB /* Release */ = {
			isa = XCBuildConfiguration;
			buildSettings = {
				ALWAYS_SEARCH_USER_PATHS = NO;
				ARCHS = "$(ARCHS_STANDARD)";
				BITCODE_GENERATION_MODE = bitcode;
				CLANG_ANALYZER_NONNULL = YES;
				CLANG_CXX_LANGUAGE_STANDARD = "gnu++0x";
				CLANG_CXX_LIBRARY = "libc++";
				CLANG_ENABLE_MODULES = YES;
				CLANG_ENABLE_OBJC_ARC = YES;
				CLANG_WARN_DIRECT_OBJC_ISA_USAGE = YES_ERROR;
				CLANG_WARN_DOCUMENTATION_COMMENTS = YES;
				CLANG_WARN_INFINITE_RECURSION = YES;
				CLANG_WARN_OBJC_ROOT_CLASS = YES_ERROR;
				CLANG_WARN_SUSPICIOUS_MOVE = YES;
				CLANG_WARN_UNREACHABLE_CODE = YES;
				CODE_SIGN_IDENTITY = "";
				"CODE_SIGN_IDENTITY[sdk=iphoneos*]" = "iPhone Developer";
				COPY_PHASE_STRIP = NO;
				CURRENT_PROJECT_VERSION = 1;
				DEBUG_INFORMATION_FORMAT = "dwarf-with-dsym";
				DEFINES_MODULE = YES;
				DYLIB_COMPATIBILITY_VERSION = 1;
				DYLIB_CURRENT_VERSION = 1;
				DYLIB_INSTALL_NAME_BASE = "@rpath";
				ENABLE_BITCODE = YES;
				ENABLE_NS_ASSERTIONS = NO;
				ENABLE_STRICT_OBJC_MSGSEND = YES;
				FRAMEWORK_SEARCH_PATHS = (
					"$(inherited)",
					"$(PROJECT_DIR)/frameworks",
					"$(PROJECT_DIR)/Classes/Private/Plugins/cordova-plugin-firebase",
				);
				GCC_C_LANGUAGE_STANDARD = gnu99;
				GCC_NO_COMMON_BLOCKS = YES;
				GCC_WARN_64_TO_32_BIT_CONVERSION = YES;
				GCC_WARN_ABOUT_RETURN_TYPE = YES_ERROR;
				GCC_WARN_UNINITIALIZED_AUTOS = YES_AGGRESSIVE;
				HEADER_SEARCH_PATHS = "";
				INFOPLIST_FILE = GCMVP/Info.plist;
				INSTALL_PATH = "$(LOCAL_LIBRARY_DIR)/Frameworks";
				IPHONEOS_DEPLOYMENT_TARGET = 9.0;
				LD_RUNPATH_SEARCH_PATHS = "$(inherited) @executable_path/Frameworks @loader_path/Frameworks";
				MTL_ENABLE_DEBUG_INFO = NO;
				ONLY_ACTIVE_ARCH = NO;
				OTHER_CFLAGS = "-fembed-bitcode";
				OTHER_LDFLAGS = "-all_load";
				PRODUCT_BUNDLE_IDENTIFIER = com.gamechanger.cordovawrapper;
				PRODUCT_NAME = "$(TARGET_NAME)";
				PUBLIC_HEADERS_FOLDER_PATH = "$(CONTENTS_FOLDER_PATH)/Headers";
				SKIP_INSTALL = NO;
				TARGETED_DEVICE_FAMILY = "1,2";
				VALIDATE_PRODUCT = YES;
				VERSIONING_SYSTEM = "apple-generic";
				VERSION_INFO_PREFIX = "";
			};
			name = Release;
		};
/* End XCBuildConfiguration section */

/* Begin XCConfigurationList section */
		1DEB921E08733DC00010E9CD /* Build configuration list for PBXNativeTarget "GCMVPLib" */ = {
			isa = XCConfigurationList;
			buildConfigurations = (
				1DEB921F08733DC00010E9CD /* Debug */,
				1DEB922008733DC00010E9CD /* Release */,
			);
			defaultConfigurationIsVisible = 0;
			defaultConfigurationName = Release;
		};
		1DEB922208733DC00010E9CD /* Build configuration list for PBXProject "GCMVPLib" */ = {
			isa = XCConfigurationList;
			buildConfigurations = (
				1DEB922308733DC00010E9CD /* Debug */,
				1DEB922408733DC00010E9CD /* Release */,
			);
			defaultConfigurationIsVisible = 0;
			defaultConfigurationName = Release;
		};
		C0C01EB91E3911D50056E6CB /* Build configuration list for PBXNativeTarget "GCMVP" */ = {
			isa = XCConfigurationList;
			buildConfigurations = (
				C0C01EB71E3911D50056E6CB /* Debug */,
				C0C01EB81E3911D50056E6CB /* Release */,
			);
			defaultConfigurationIsVisible = 0;
			defaultConfigurationName = Release;
		};
/* End XCConfigurationList section */
	};
	rootObject = 0867D690FE84028FC02AAC07 /* Project object */;
}
